// !$*UTF8*$!
{
	archiveVersion = 1;
	classes = {
	};
	objectVersion = 46;
	objects = {

/* Begin PBXBuildFile section */
		6A0D0A01165A1CBE0028E1B6 /* DLCBlurOverlayView.m in Sources */ = {isa = PBXBuildFile; fileRef = 6A0D0A00165A1CBE0028E1B6 /* DLCBlurOverlayView.m */; };
		6A0D0A0F165A1FFC0028E1B6 /* focus-crosshair.png in Resources */ = {isa = PBXBuildFile; fileRef = 6A0D0A0D165A1FFC0028E1B6 /* focus-crosshair.png */; };
		6A0D0A10165A1FFC0028E1B6 /* focus-crosshair@2x.png in Resources */ = {isa = PBXBuildFile; fileRef = 6A0D0A0E165A1FFC0028E1B6 /* focus-crosshair@2x.png */; };
		6A0D0A28165A218F0028E1B6 /* Default-568h@2x.png in Resources */ = {isa = PBXBuildFile; fileRef = 6A0D0A27165A218F0028E1B6 /* Default-568h@2x.png */; };
		6A23390E15E6C17000CC6CB2 /* library@2x.png in Resources */ = {isa = PBXBuildFile; fileRef = 6A23390C15E6C17000CC6CB2 /* library@2x.png */; };
		6A23390F15E6C17000CC6CB2 /* library.png in Resources */ = {isa = PBXBuildFile; fileRef = 6A23390D15E6C17000CC6CB2 /* library.png */; };
		6A42CF7615E46F0E0062D3E7 /* blur-on.png in Resources */ = {isa = PBXBuildFile; fileRef = 6A42CF7415E46F0E0062D3E7 /* blur-on.png */; };
		6A42CF7715E46F0E0062D3E7 /* blur-on@2x.png in Resources */ = {isa = PBXBuildFile; fileRef = 6A42CF7515E46F0E0062D3E7 /* blur-on@2x.png */; };
		6A49CEA715E345070098304F /* blackframe.png in Resources */ = {isa = PBXBuildFile; fileRef = 6A49CEA615E345070098304F /* blackframe.png */; };
		6A49CED815E459B00098304F /* filter-close.png in Resources */ = {isa = PBXBuildFile; fileRef = 6A49CED415E459B00098304F /* filter-close.png */; };
		6A49CED915E459B00098304F /* filter-close@2x.png in Resources */ = {isa = PBXBuildFile; fileRef = 6A49CED515E459B00098304F /* filter-close@2x.png */; };
		6A49CEDA15E459B00098304F /* filter-open.png in Resources */ = {isa = PBXBuildFile; fileRef = 6A49CED615E459B00098304F /* filter-open.png */; };
		6A49CEDB15E459B00098304F /* filter-open@2x.png in Resources */ = {isa = PBXBuildFile; fileRef = 6A49CED715E459B00098304F /* filter-open@2x.png */; };
		6A49CEEC15E45A5F0098304F /* camera-button.png in Resources */ = {isa = PBXBuildFile; fileRef = 6A49CEE815E45A5F0098304F /* camera-button.png */; };
		6A49CEED15E45A5F0098304F /* camera-button@2x.png in Resources */ = {isa = PBXBuildFile; fileRef = 6A49CEE915E45A5F0098304F /* camera-button@2x.png */; };
		6A49CEEE15E45A5F0098304F /* camera-icon.png in Resources */ = {isa = PBXBuildFile; fileRef = 6A49CEEA15E45A5F0098304F /* camera-icon.png */; };
		6A49CEEF15E45A5F0098304F /* camera-icon@2x.png in Resources */ = {isa = PBXBuildFile; fileRef = 6A49CEEB15E45A5F0098304F /* camera-icon@2x.png */; };
		6A49CEF215E460540098304F /* filter.png in Resources */ = {isa = PBXBuildFile; fileRef = 6A49CEF015E460540098304F /* filter.png */; };
		6A49CEF315E460540098304F /* filter@2x.png in Resources */ = {isa = PBXBuildFile; fileRef = 6A49CEF115E460540098304F /* filter@2x.png */; };
		6A49CEFA15E461670098304F /* flash-auto.png in Resources */ = {isa = PBXBuildFile; fileRef = 6A49CEF415E461670098304F /* flash-auto.png */; };
		6A49CEFB15E461670098304F /* flash-auto@2x.png in Resources */ = {isa = PBXBuildFile; fileRef = 6A49CEF515E461670098304F /* flash-auto@2x.png */; };
		6A49CEFC15E461670098304F /* flash-off.png in Resources */ = {isa = PBXBuildFile; fileRef = 6A49CEF615E461670098304F /* flash-off.png */; };
		6A49CEFD15E461670098304F /* flash-off@2x.png in Resources */ = {isa = PBXBuildFile; fileRef = 6A49CEF715E461670098304F /* flash-off@2x.png */; };
		6A49CEFE15E461670098304F /* flash.png in Resources */ = {isa = PBXBuildFile; fileRef = 6A49CEF815E461670098304F /* flash.png */; };
		6A49CEFF15E461670098304F /* flash@2x.png in Resources */ = {isa = PBXBuildFile; fileRef = 6A49CEF915E461670098304F /* flash@2x.png */; };
		6A49CF0215E4617A0098304F /* front-camera.png in Resources */ = {isa = PBXBuildFile; fileRef = 6A49CF0015E4617A0098304F /* front-camera.png */; };
		6A49CF0315E4617A0098304F /* front-camera@2x.png in Resources */ = {isa = PBXBuildFile; fileRef = 6A49CF0115E4617A0098304F /* front-camera@2x.png */; };
		6A49CF0615E461B30098304F /* blur.png in Resources */ = {isa = PBXBuildFile; fileRef = 6A49CF0415E461B30098304F /* blur.png */; };
		6A49CF0715E461B30098304F /* blur@2x.png in Resources */ = {isa = PBXBuildFile; fileRef = 6A49CF0515E461B30098304F /* blur@2x.png */; };
		6A49CF0A15E461D10098304F /* close.png in Resources */ = {isa = PBXBuildFile; fileRef = 6A49CF0815E461D10098304F /* close.png */; };
		6A49CF0B15E461D10098304F /* close@2x.png in Resources */ = {isa = PBXBuildFile; fileRef = 6A49CF0915E461D10098304F /* close@2x.png */; };
		6A55309515E4869600019CC9 /* 1.jpg in Resources */ = {isa = PBXBuildFile; fileRef = 6A55309315E4869600019CC9 /* 1.jpg */; };
		6A55309615E4869600019CC9 /* 1@2x.jpg in Resources */ = {isa = PBXBuildFile; fileRef = 6A55309415E4869600019CC9 /* 1@2x.jpg */; };
		6A55309915E486A600019CC9 /* 2.jpg in Resources */ = {isa = PBXBuildFile; fileRef = 6A55309715E486A600019CC9 /* 2.jpg */; };
		6A55309A15E486A600019CC9 /* 2@2x.jpg in Resources */ = {isa = PBXBuildFile; fileRef = 6A55309815E486A600019CC9 /* 2@2x.jpg */; };
		6A55309D15E486B300019CC9 /* 3.jpg in Resources */ = {isa = PBXBuildFile; fileRef = 6A55309B15E486B300019CC9 /* 3.jpg */; };
		6A55309E15E486B300019CC9 /* 3@2x.jpg in Resources */ = {isa = PBXBuildFile; fileRef = 6A55309C15E486B300019CC9 /* 3@2x.jpg */; };
		6A5530A115E486BB00019CC9 /* 4.jpg in Resources */ = {isa = PBXBuildFile; fileRef = 6A55309F15E486BB00019CC9 /* 4.jpg */; };
		6A5530A215E486BB00019CC9 /* 4@2x.jpg in Resources */ = {isa = PBXBuildFile; fileRef = 6A5530A015E486BB00019CC9 /* 4@2x.jpg */; };
		6A5530A515E486C300019CC9 /* 5.jpg in Resources */ = {isa = PBXBuildFile; fileRef = 6A5530A315E486C300019CC9 /* 5.jpg */; };
		6A5530A615E486C300019CC9 /* 5@2x.jpg in Resources */ = {isa = PBXBuildFile; fileRef = 6A5530A415E486C300019CC9 /* 5@2x.jpg */; };
		6A5530A915E486CB00019CC9 /* 6.jpg in Resources */ = {isa = PBXBuildFile; fileRef = 6A5530A715E486CB00019CC9 /* 6.jpg */; };
		6A5530AA15E486CB00019CC9 /* 6@2x.jpg in Resources */ = {isa = PBXBuildFile; fileRef = 6A5530A815E486CB00019CC9 /* 6@2x.jpg */; };
		6A5530AD15E486D500019CC9 /* 7.jpg in Resources */ = {isa = PBXBuildFile; fileRef = 6A5530AB15E486D500019CC9 /* 7.jpg */; };
		6A5530AE15E486D500019CC9 /* 7@2x.jpg in Resources */ = {isa = PBXBuildFile; fileRef = 6A5530AC15E486D500019CC9 /* 7@2x.jpg */; };
		6A5530B115E486DD00019CC9 /* 8.jpg in Resources */ = {isa = PBXBuildFile; fileRef = 6A5530AF15E486DD00019CC9 /* 8.jpg */; };
		6A5530B215E486DD00019CC9 /* 8@2x.jpg in Resources */ = {isa = PBXBuildFile; fileRef = 6A5530B015E486DD00019CC9 /* 8@2x.jpg */; };
		6A5530B515E486E300019CC9 /* 9.jpg in Resources */ = {isa = PBXBuildFile; fileRef = 6A5530B315E486E300019CC9 /* 9.jpg */; };
		6A5530B615E486E300019CC9 /* 9@2x.jpg in Resources */ = {isa = PBXBuildFile; fileRef = 6A5530B415E486E300019CC9 /* 9@2x.jpg */; };
		6A5530B915E486E900019CC9 /* 10.jpg in Resources */ = {isa = PBXBuildFile; fileRef = 6A5530B715E486E900019CC9 /* 10.jpg */; };
		6A5530BA15E486E900019CC9 /* 10@2x.jpg in Resources */ = {isa = PBXBuildFile; fileRef = 6A5530B815E486E900019CC9 /* 10@2x.jpg */; };
		6A5BBDA815E2214B00B1B485 /* 02.acv in Resources */ = {isa = PBXBuildFile; fileRef = 6A5BBDA515E2214B00B1B485 /* 02.acv */; };
		6A5BBDA915E2214B00B1B485 /* 06.acv in Resources */ = {isa = PBXBuildFile; fileRef = 6A5BBDA615E2214B00B1B485 /* 06.acv */; };
		6A5BBDAA15E2214B00B1B485 /* 17.acv in Resources */ = {isa = PBXBuildFile; fileRef = 6A5BBDA715E2214B00B1B485 /* 17.acv */; };
		6A5D9A1515E0152D001FAD14 /* UIKit.framework in Frameworks */ = {isa = PBXBuildFile; fileRef = 6A5D9A1415E0152D001FAD14 /* UIKit.framework */; };
		6A5D9A1715E0152D001FAD14 /* Foundation.framework in Frameworks */ = {isa = PBXBuildFile; fileRef = 6A5D9A1615E0152D001FAD14 /* Foundation.framework */; };
		6A5D9A1915E0152D001FAD14 /* CoreGraphics.framework in Frameworks */ = {isa = PBXBuildFile; fileRef = 6A5D9A1815E0152D001FAD14 /* CoreGraphics.framework */; };
		6A5D9A1F15E0152D001FAD14 /* InfoPlist.strings in Resources */ = {isa = PBXBuildFile; fileRef = 6A5D9A1D15E0152D001FAD14 /* InfoPlist.strings */; };
		6A5D9A2115E0152D001FAD14 /* main.m in Sources */ = {isa = PBXBuildFile; fileRef = 6A5D9A2015E0152D001FAD14 /* main.m */; };
		6A5D9A2515E0152E001FAD14 /* AppDelegate.m in Sources */ = {isa = PBXBuildFile; fileRef = 6A5D9A2415E0152D001FAD14 /* AppDelegate.m */; };
		6A5D9A2C15E01587001FAD14 /* CoreMedia.framework in Frameworks */ = {isa = PBXBuildFile; fileRef = 6A5D9A2B15E01587001FAD14 /* CoreMedia.framework */; };
		6A5D9A2E15E01590001FAD14 /* CoreVideo.framework in Frameworks */ = {isa = PBXBuildFile; fileRef = 6A5D9A2D15E01590001FAD14 /* CoreVideo.framework */; };
		6A5D9A3015E01598001FAD14 /* QuartzCore.framework in Frameworks */ = {isa = PBXBuildFile; fileRef = 6A5D9A2F15E01598001FAD14 /* QuartzCore.framework */; };
		6A5D9A3215E015A1001FAD14 /* OpenGLES.framework in Frameworks */ = {isa = PBXBuildFile; fileRef = 6A5D9A3115E015A1001FAD14 /* OpenGLES.framework */; };
		6A5D9A3415E015B3001FAD14 /* AVFoundation.framework in Frameworks */ = {isa = PBXBuildFile; fileRef = 6A5D9A3315E015B3001FAD14 /* AVFoundation.framework */; };
		6A5D9A5715E01BD7001FAD14 /* libGPUImage.a in Frameworks */ = {isa = PBXBuildFile; fileRef = 6A5D9A5215E01B72001FAD14 /* libGPUImage.a */; };
		6A5D9A5915E01DA4001FAD14 /* AssetsLibrary.framework in Frameworks */ = {isa = PBXBuildFile; fileRef = 6A5D9A5815E01DA4001FAD14 /* AssetsLibrary.framework */; };
		6A5D9A8815E02429001FAD14 /* DLCImagePickerController.m in Sources */ = {isa = PBXBuildFile; fileRef = 6A5D9A8715E02429001FAD14 /* DLCImagePickerController.m */; };
		6A5D9A8B15E02504001FAD14 /* PhotoViewController.m in Sources */ = {isa = PBXBuildFile; fileRef = 6A5D9A8A15E02504001FAD14 /* PhotoViewController.m */; };
		6A5D9AA115E02527001FAD14 /* mask.png in Resources */ = {isa = PBXBuildFile; fileRef = 6A5D9A9415E02527001FAD14 /* mask.png */; };
		6A5D9AA215E02527001FAD14 /* dock_bg.png in Resources */ = {isa = PBXBuildFile; fileRef = 6A5D9A9615E02527001FAD14 /* dock_bg.png */; };
		6A5D9AA315E02527001FAD14 /* dock_bg@2x.png in Resources */ = {isa = PBXBuildFile; fileRef = 6A5D9A9715E02527001FAD14 /* dock_bg@2x.png */; };
		6A5D9AA415E02527001FAD14 /* micro_carbon.png in Resources */ = {isa = PBXBuildFile; fileRef = 6A5D9A9815E02527001FAD14 /* micro_carbon.png */; };
		6A5D9AA515E02527001FAD14 /* micro_carbon@2x.png in Resources */ = {isa = PBXBuildFile; fileRef = 6A5D9A9915E02527001FAD14 /* micro_carbon@2x.png */; };
		6A5D9AA615E02527001FAD14 /* photo_bar.png in Resources */ = {isa = PBXBuildFile; fileRef = 6A5D9A9A15E02527001FAD14 /* photo_bar.png */; };
		6A5D9AA715E02527001FAD14 /* photo_bar@2x.png in Resources */ = {isa = PBXBuildFile; fileRef = 6A5D9A9B15E02527001FAD14 /* photo_bar@2x.png */; };
		6A5D9AAA15E0259A001FAD14 /* DLCImagePicker.xib in Resources */ = {isa = PBXBuildFile; fileRef = 6A5D9AA915E0259A001FAD14 /* DLCImagePicker.xib */; };
		7D0E5AB315E203FA009D19C9 /* purple-green.acv in Resources */ = {isa = PBXBuildFile; fileRef = 7D0E5AB115E203FA009D19C9 /* purple-green.acv */; };
		7D0E5AB415E203FA009D19C9 /* yellow-red.acv in Resources */ = {isa = PBXBuildFile; fileRef = 7D0E5AB215E203FA009D19C9 /* yellow-red.acv */; };
		7D0E5AB815E209AD009D19C9 /* DLCGrayscaleContrastFilter.m in Sources */ = {isa = PBXBuildFile; fileRef = 7D0E5AB715E209AD009D19C9 /* DLCGrayscaleContrastFilter.m */; };
		7D1E64B915E1FA2F005A9E09 /* crossprocess.acv in Resources */ = {isa = PBXBuildFile; fileRef = 7D1E64B715E1FA2F005A9E09 /* crossprocess.acv */; };
		7DEB4DC615E063420078BFAD /* sample1.jpg in Resources */ = {isa = PBXBuildFile; fileRef = 7DEB4DC515E063420078BFAD /* sample1.jpg */; };
		7DFAE1BA15E22A9F00C8236F /* aqua.acv in Resources */ = {isa = PBXBuildFile; fileRef = 7DFAE1B915E22A9F00C8236F /* aqua.acv */; };
/* End PBXBuildFile section */

/* Begin PBXContainerItemProxy section */
		6A5D9A5115E01B72001FAD14 /* PBXContainerItemProxy */ = {
			isa = PBXContainerItemProxy;
			containerPortal = 6A5D9A4815E01B72001FAD14 /* GPUImage.xcodeproj */;
			proxyType = 2;
			remoteGlobalIDString = BCF1A33414DDB1EC00852800;
			remoteInfo = GPUImage;
		};
		6A5D9A5315E01B72001FAD14 /* PBXContainerItemProxy */ = {
			isa = PBXContainerItemProxy;
			containerPortal = 6A5D9A4815E01B72001FAD14 /* GPUImage.xcodeproj */;
			proxyType = 2;
			remoteGlobalIDString = BCF1A34414DDB1EC00852800;
			remoteInfo = GPUImageTests;
		};
		6A5D9A5515E01BC2001FAD14 /* PBXContainerItemProxy */ = {
			isa = PBXContainerItemProxy;
			containerPortal = 6A5D9A4815E01B72001FAD14 /* GPUImage.xcodeproj */;
			proxyType = 1;
			remoteGlobalIDString = BCF1A33314DDB1EC00852800;
			remoteInfo = GPUImage;
		};
/* End PBXContainerItemProxy section */

/* Begin PBXFileReference section */
		6A0D09FF165A1CBE0028E1B6 /* DLCBlurOverlayView.h */ = {isa = PBXFileReference; fileEncoding = 4; lastKnownFileType = sourcecode.c.h; path = DLCBlurOverlayView.h; sourceTree = "<group>"; };
		6A0D0A00165A1CBE0028E1B6 /* DLCBlurOverlayView.m */ = {isa = PBXFileReference; fileEncoding = 4; lastKnownFileType = sourcecode.c.objc; path = DLCBlurOverlayView.m; sourceTree = "<group>"; };
		6A0D0A0D165A1FFC0028E1B6 /* focus-crosshair.png */ = {isa = PBXFileReference; lastKnownFileType = image.png; path = "focus-crosshair.png"; sourceTree = "<group>"; };
		6A0D0A0E165A1FFC0028E1B6 /* focus-crosshair@2x.png */ = {isa = PBXFileReference; lastKnownFileType = image.png; path = "focus-crosshair@2x.png"; sourceTree = "<group>"; };
		6A0D0A27165A218F0028E1B6 /* Default-568h@2x.png */ = {isa = PBXFileReference; lastKnownFileType = image.png; name = "Default-568h@2x.png"; path = "../Default-568h@2x.png"; sourceTree = "<group>"; };
		6A23390C15E6C17000CC6CB2 /* library@2x.png */ = {isa = PBXFileReference; lastKnownFileType = image.png; path = "library@2x.png"; sourceTree = "<group>"; };
		6A23390D15E6C17000CC6CB2 /* library.png */ = {isa = PBXFileReference; lastKnownFileType = image.png; path = library.png; sourceTree = "<group>"; };
		6A42CF7415E46F0E0062D3E7 /* blur-on.png */ = {isa = PBXFileReference; lastKnownFileType = image.png; path = "blur-on.png"; sourceTree = "<group>"; };
		6A42CF7515E46F0E0062D3E7 /* blur-on@2x.png */ = {isa = PBXFileReference; lastKnownFileType = image.png; path = "blur-on@2x.png"; sourceTree = "<group>"; };
		6A49CEA615E345070098304F /* blackframe.png */ = {isa = PBXFileReference; lastKnownFileType = image.png; path = blackframe.png; sourceTree = "<group>"; };
		6A49CED415E459B00098304F /* filter-close.png */ = {isa = PBXFileReference; lastKnownFileType = image.png; path = "filter-close.png"; sourceTree = "<group>"; };
		6A49CED515E459B00098304F /* filter-close@2x.png */ = {isa = PBXFileReference; lastKnownFileType = image.png; path = "filter-close@2x.png"; sourceTree = "<group>"; };
		6A49CED615E459B00098304F /* filter-open.png */ = {isa = PBXFileReference; lastKnownFileType = image.png; path = "filter-open.png"; sourceTree = "<group>"; };
		6A49CED715E459B00098304F /* filter-open@2x.png */ = {isa = PBXFileReference; lastKnownFileType = image.png; path = "filter-open@2x.png"; sourceTree = "<group>"; };
		6A49CEE815E45A5F0098304F /* camera-button.png */ = {isa = PBXFileReference; lastKnownFileType = image.png; path = "camera-button.png"; sourceTree = "<group>"; };
		6A49CEE915E45A5F0098304F /* camera-button@2x.png */ = {isa = PBXFileReference; lastKnownFileType = image.png; path = "camera-button@2x.png"; sourceTree = "<group>"; };
		6A49CEEA15E45A5F0098304F /* camera-icon.png */ = {isa = PBXFileReference; lastKnownFileType = image.png; path = "camera-icon.png"; sourceTree = "<group>"; };
		6A49CEEB15E45A5F0098304F /* camera-icon@2x.png */ = {isa = PBXFileReference; lastKnownFileType = image.png; path = "camera-icon@2x.png"; sourceTree = "<group>"; };
		6A49CEF015E460540098304F /* filter.png */ = {isa = PBXFileReference; lastKnownFileType = image.png; path = filter.png; sourceTree = "<group>"; };
		6A49CEF115E460540098304F /* filter@2x.png */ = {isa = PBXFileReference; lastKnownFileType = image.png; path = "filter@2x.png"; sourceTree = "<group>"; };
		6A49CEF415E461670098304F /* flash-auto.png */ = {isa = PBXFileReference; lastKnownFileType = image.png; path = "flash-auto.png"; sourceTree = "<group>"; };
		6A49CEF515E461670098304F /* flash-auto@2x.png */ = {isa = PBXFileReference; lastKnownFileType = image.png; path = "flash-auto@2x.png"; sourceTree = "<group>"; };
		6A49CEF615E461670098304F /* flash-off.png */ = {isa = PBXFileReference; lastKnownFileType = image.png; path = "flash-off.png"; sourceTree = "<group>"; };
		6A49CEF715E461670098304F /* flash-off@2x.png */ = {isa = PBXFileReference; lastKnownFileType = image.png; path = "flash-off@2x.png"; sourceTree = "<group>"; };
		6A49CEF815E461670098304F /* flash.png */ = {isa = PBXFileReference; lastKnownFileType = image.png; path = flash.png; sourceTree = "<group>"; };
		6A49CEF915E461670098304F /* flash@2x.png */ = {isa = PBXFileReference; lastKnownFileType = image.png; path = "flash@2x.png"; sourceTree = "<group>"; };
		6A49CF0015E4617A0098304F /* front-camera.png */ = {isa = PBXFileReference; lastKnownFileType = image.png; path = "front-camera.png"; sourceTree = "<group>"; };
		6A49CF0115E4617A0098304F /* front-camera@2x.png */ = {isa = PBXFileReference; lastKnownFileType = image.png; path = "front-camera@2x.png"; sourceTree = "<group>"; };
		6A49CF0415E461B30098304F /* blur.png */ = {isa = PBXFileReference; lastKnownFileType = image.png; path = blur.png; sourceTree = "<group>"; };
		6A49CF0515E461B30098304F /* blur@2x.png */ = {isa = PBXFileReference; lastKnownFileType = image.png; path = "blur@2x.png"; sourceTree = "<group>"; };
		6A49CF0815E461D10098304F /* close.png */ = {isa = PBXFileReference; lastKnownFileType = image.png; path = close.png; sourceTree = "<group>"; };
		6A49CF0915E461D10098304F /* close@2x.png */ = {isa = PBXFileReference; lastKnownFileType = image.png; path = "close@2x.png"; sourceTree = "<group>"; };
		6A55309315E4869600019CC9 /* 1.jpg */ = {isa = PBXFileReference; lastKnownFileType = image.jpeg; path = 1.jpg; sourceTree = "<group>"; };
		6A55309415E4869600019CC9 /* 1@2x.jpg */ = {isa = PBXFileReference; lastKnownFileType = image.jpeg; path = "1@2x.jpg"; sourceTree = "<group>"; };
		6A55309715E486A600019CC9 /* 2.jpg */ = {isa = PBXFileReference; lastKnownFileType = image.jpeg; path = 2.jpg; sourceTree = "<group>"; };
		6A55309815E486A600019CC9 /* 2@2x.jpg */ = {isa = PBXFileReference; lastKnownFileType = image.jpeg; path = "2@2x.jpg"; sourceTree = "<group>"; };
		6A55309B15E486B300019CC9 /* 3.jpg */ = {isa = PBXFileReference; lastKnownFileType = image.jpeg; path = 3.jpg; sourceTree = "<group>"; };
		6A55309C15E486B300019CC9 /* 3@2x.jpg */ = {isa = PBXFileReference; lastKnownFileType = image.jpeg; path = "3@2x.jpg"; sourceTree = "<group>"; };
		6A55309F15E486BB00019CC9 /* 4.jpg */ = {isa = PBXFileReference; lastKnownFileType = image.jpeg; path = 4.jpg; sourceTree = "<group>"; };
		6A5530A015E486BB00019CC9 /* 4@2x.jpg */ = {isa = PBXFileReference; lastKnownFileType = image.jpeg; path = "4@2x.jpg"; sourceTree = "<group>"; };
		6A5530A315E486C300019CC9 /* 5.jpg */ = {isa = PBXFileReference; lastKnownFileType = image.jpeg; path = 5.jpg; sourceTree = "<group>"; };
		6A5530A415E486C300019CC9 /* 5@2x.jpg */ = {isa = PBXFileReference; lastKnownFileType = image.jpeg; path = "5@2x.jpg"; sourceTree = "<group>"; };
		6A5530A715E486CB00019CC9 /* 6.jpg */ = {isa = PBXFileReference; lastKnownFileType = image.jpeg; path = 6.jpg; sourceTree = "<group>"; };
		6A5530A815E486CB00019CC9 /* 6@2x.jpg */ = {isa = PBXFileReference; lastKnownFileType = image.jpeg; path = "6@2x.jpg"; sourceTree = "<group>"; };
		6A5530AB15E486D500019CC9 /* 7.jpg */ = {isa = PBXFileReference; lastKnownFileType = image.jpeg; path = 7.jpg; sourceTree = "<group>"; };
		6A5530AC15E486D500019CC9 /* 7@2x.jpg */ = {isa = PBXFileReference; lastKnownFileType = image.jpeg; path = "7@2x.jpg"; sourceTree = "<group>"; };
		6A5530AF15E486DD00019CC9 /* 8.jpg */ = {isa = PBXFileReference; lastKnownFileType = image.jpeg; path = 8.jpg; sourceTree = "<group>"; };
		6A5530B015E486DD00019CC9 /* 8@2x.jpg */ = {isa = PBXFileReference; lastKnownFileType = image.jpeg; path = "8@2x.jpg"; sourceTree = "<group>"; };
		6A5530B315E486E300019CC9 /* 9.jpg */ = {isa = PBXFileReference; lastKnownFileType = image.jpeg; path = 9.jpg; sourceTree = "<group>"; };
		6A5530B415E486E300019CC9 /* 9@2x.jpg */ = {isa = PBXFileReference; lastKnownFileType = image.jpeg; path = "9@2x.jpg"; sourceTree = "<group>"; };
		6A5530B715E486E900019CC9 /* 10.jpg */ = {isa = PBXFileReference; lastKnownFileType = image.jpeg; path = 10.jpg; sourceTree = "<group>"; };
		6A5530B815E486E900019CC9 /* 10@2x.jpg */ = {isa = PBXFileReference; lastKnownFileType = image.jpeg; path = "10@2x.jpg"; sourceTree = "<group>"; };
		6A5BBDA515E2214B00B1B485 /* 02.acv */ = {isa = PBXFileReference; lastKnownFileType = file; name = 02.acv; path = Filters/02.acv; sourceTree = "<group>"; };
		6A5BBDA615E2214B00B1B485 /* 06.acv */ = {isa = PBXFileReference; lastKnownFileType = file; name = 06.acv; path = Filters/06.acv; sourceTree = "<group>"; };
		6A5BBDA715E2214B00B1B485 /* 17.acv */ = {isa = PBXFileReference; lastKnownFileType = file; name = 17.acv; path = Filters/17.acv; sourceTree = "<group>"; };
		6A5D9A1015E0152D001FAD14 /* DLCImagePickerController.app */ = {isa = PBXFileReference; explicitFileType = wrapper.application; includeInIndex = 0; path = DLCImagePickerController.app; sourceTree = BUILT_PRODUCTS_DIR; };
		6A5D9A1415E0152D001FAD14 /* UIKit.framework */ = {isa = PBXFileReference; lastKnownFileType = wrapper.framework; name = UIKit.framework; path = System/Library/Frameworks/UIKit.framework; sourceTree = SDKROOT; };
		6A5D9A1615E0152D001FAD14 /* Foundation.framework */ = {isa = PBXFileReference; lastKnownFileType = wrapper.framework; name = Foundation.framework; path = System/Library/Frameworks/Foundation.framework; sourceTree = SDKROOT; };
		6A5D9A1815E0152D001FAD14 /* CoreGraphics.framework */ = {isa = PBXFileReference; lastKnownFileType = wrapper.framework; name = CoreGraphics.framework; path = System/Library/Frameworks/CoreGraphics.framework; sourceTree = SDKROOT; };
		6A5D9A1C15E0152D001FAD14 /* DLCImagePickerController-Info.plist */ = {isa = PBXFileReference; lastKnownFileType = text.plist.xml; path = "DLCImagePickerController-Info.plist"; sourceTree = "<group>"; };
		6A5D9A1E15E0152D001FAD14 /* en */ = {isa = PBXFileReference; lastKnownFileType = text.plist.strings; name = en; path = en.lproj/InfoPlist.strings; sourceTree = "<group>"; };
		6A5D9A2015E0152D001FAD14 /* main.m */ = {isa = PBXFileReference; lastKnownFileType = sourcecode.c.objc; path = main.m; sourceTree = "<group>"; };
		6A5D9A2215E0152D001FAD14 /* DLCImagePickerController-Prefix.pch */ = {isa = PBXFileReference; lastKnownFileType = sourcecode.c.h; path = "DLCImagePickerController-Prefix.pch"; sourceTree = "<group>"; };
		6A5D9A2315E0152D001FAD14 /* AppDelegate.h */ = {isa = PBXFileReference; lastKnownFileType = sourcecode.c.h; path = AppDelegate.h; sourceTree = "<group>"; };
		6A5D9A2415E0152D001FAD14 /* AppDelegate.m */ = {isa = PBXFileReference; lastKnownFileType = sourcecode.c.objc; path = AppDelegate.m; sourceTree = "<group>"; };
		6A5D9A2B15E01587001FAD14 /* CoreMedia.framework */ = {isa = PBXFileReference; lastKnownFileType = wrapper.framework; name = CoreMedia.framework; path = System/Library/Frameworks/CoreMedia.framework; sourceTree = SDKROOT; };
		6A5D9A2D15E01590001FAD14 /* CoreVideo.framework */ = {isa = PBXFileReference; lastKnownFileType = wrapper.framework; name = CoreVideo.framework; path = System/Library/Frameworks/CoreVideo.framework; sourceTree = SDKROOT; };
		6A5D9A2F15E01598001FAD14 /* QuartzCore.framework */ = {isa = PBXFileReference; lastKnownFileType = wrapper.framework; name = QuartzCore.framework; path = System/Library/Frameworks/QuartzCore.framework; sourceTree = SDKROOT; };
		6A5D9A3115E015A1001FAD14 /* OpenGLES.framework */ = {isa = PBXFileReference; lastKnownFileType = wrapper.framework; name = OpenGLES.framework; path = System/Library/Frameworks/OpenGLES.framework; sourceTree = SDKROOT; };
		6A5D9A3315E015B3001FAD14 /* AVFoundation.framework */ = {isa = PBXFileReference; lastKnownFileType = wrapper.framework; name = AVFoundation.framework; path = System/Library/Frameworks/AVFoundation.framework; sourceTree = SDKROOT; };
		6A5D9A4815E01B72001FAD14 /* GPUImage.xcodeproj */ = {isa = PBXFileReference; lastKnownFileType = "wrapper.pb-project"; name = GPUImage.xcodeproj; path = GPUImage/framework/GPUImage.xcodeproj; sourceTree = "<group>"; };
		6A5D9A5815E01DA4001FAD14 /* AssetsLibrary.framework */ = {isa = PBXFileReference; lastKnownFileType = wrapper.framework; name = AssetsLibrary.framework; path = System/Library/Frameworks/AssetsLibrary.framework; sourceTree = SDKROOT; };
		6A5D9A8615E02429001FAD14 /* DLCImagePickerController.h */ = {isa = PBXFileReference; fileEncoding = 4; lastKnownFileType = sourcecode.c.h; path = DLCImagePickerController.h; sourceTree = "<group>"; };
		6A5D9A8715E02429001FAD14 /* DLCImagePickerController.m */ = {isa = PBXFileReference; fileEncoding = 4; lastKnownFileType = sourcecode.c.objc; path = DLCImagePickerController.m; sourceTree = "<group>"; };
		6A5D9A8915E02504001FAD14 /* PhotoViewController.h */ = {isa = PBXFileReference; fileEncoding = 4; lastKnownFileType = sourcecode.c.h; path = PhotoViewController.h; sourceTree = "<group>"; };
		6A5D9A8A15E02504001FAD14 /* PhotoViewController.m */ = {isa = PBXFileReference; fileEncoding = 4; lastKnownFileType = sourcecode.c.objc; path = PhotoViewController.m; sourceTree = "<group>"; };
		6A5D9A9415E02527001FAD14 /* mask.png */ = {isa = PBXFileReference; lastKnownFileType = image.png; path = mask.png; sourceTree = "<group>"; };
		6A5D9A9615E02527001FAD14 /* dock_bg.png */ = {isa = PBXFileReference; lastKnownFileType = image.png; path = dock_bg.png; sourceTree = "<group>"; };
		6A5D9A9715E02527001FAD14 /* dock_bg@2x.png */ = {isa = PBXFileReference; lastKnownFileType = image.png; path = "dock_bg@2x.png"; sourceTree = "<group>"; };
		6A5D9A9815E02527001FAD14 /* micro_carbon.png */ = {isa = PBXFileReference; lastKnownFileType = image.png; path = micro_carbon.png; sourceTree = "<group>"; };
		6A5D9A9915E02527001FAD14 /* micro_carbon@2x.png */ = {isa = PBXFileReference; lastKnownFileType = image.png; path = "micro_carbon@2x.png"; sourceTree = "<group>"; };
		6A5D9A9A15E02527001FAD14 /* photo_bar.png */ = {isa = PBXFileReference; lastKnownFileType = image.png; path = photo_bar.png; sourceTree = "<group>"; };
		6A5D9A9B15E02527001FAD14 /* photo_bar@2x.png */ = {isa = PBXFileReference; lastKnownFileType = image.png; path = "photo_bar@2x.png"; sourceTree = "<group>"; };
		6A5D9AA915E0259A001FAD14 /* DLCImagePicker.xib */ = {isa = PBXFileReference; fileEncoding = 4; lastKnownFileType = file.xib; path = DLCImagePicker.xib; sourceTree = "<group>"; };
		7D0E5AB115E203FA009D19C9 /* purple-green.acv */ = {isa = PBXFileReference; lastKnownFileType = file; name = "purple-green.acv"; path = "Filters/purple-green.acv"; sourceTree = "<group>"; };
		7D0E5AB215E203FA009D19C9 /* yellow-red.acv */ = {isa = PBXFileReference; lastKnownFileType = file; name = "yellow-red.acv"; path = "Filters/yellow-red.acv"; sourceTree = "<group>"; };
		7D0E5AB615E2099C009D19C9 /* DLCGrayscaleContrastFilter.h */ = {isa = PBXFileReference; fileEncoding = 4; lastKnownFileType = sourcecode.c.h; path = DLCGrayscaleContrastFilter.h; sourceTree = "<group>"; };
		7D0E5AB715E209AD009D19C9 /* DLCGrayscaleContrastFilter.m */ = {isa = PBXFileReference; fileEncoding = 4; lastKnownFileType = sourcecode.c.objc; path = DLCGrayscaleContrastFilter.m; sourceTree = "<group>"; };
		7D1E64B715E1FA2F005A9E09 /* crossprocess.acv */ = {isa = PBXFileReference; lastKnownFileType = file; name = crossprocess.acv; path = Filters/crossprocess.acv; sourceTree = "<group>"; };
		7DEB4DC515E063420078BFAD /* sample1.jpg */ = {isa = PBXFileReference; lastKnownFileType = image.jpeg; name = sample1.jpg; path = Samples/sample1.jpg; sourceTree = "<group>"; };
		7DFAE1B915E22A9F00C8236F /* aqua.acv */ = {isa = PBXFileReference; lastKnownFileType = file; name = aqua.acv; path = Filters/aqua.acv; sourceTree = "<group>"; };
/* End PBXFileReference section */

/* Begin PBXFrameworksBuildPhase section */
		6A5D9A0D15E0152D001FAD14 /* Frameworks */ = {
			isa = PBXFrameworksBuildPhase;
			buildActionMask = 2147483647;
			files = (
				6A5D9A5915E01DA4001FAD14 /* AssetsLibrary.framework in Frameworks */,
				6A5D9A5715E01BD7001FAD14 /* libGPUImage.a in Frameworks */,
				6A5D9A3415E015B3001FAD14 /* AVFoundation.framework in Frameworks */,
				6A5D9A3215E015A1001FAD14 /* OpenGLES.framework in Frameworks */,
				6A5D9A3015E01598001FAD14 /* QuartzCore.framework in Frameworks */,
				6A5D9A2E15E01590001FAD14 /* CoreVideo.framework in Frameworks */,
				6A5D9A2C15E01587001FAD14 /* CoreMedia.framework in Frameworks */,
				6A5D9A1515E0152D001FAD14 /* UIKit.framework in Frameworks */,
				6A5D9A1715E0152D001FAD14 /* Foundation.framework in Frameworks */,
				6A5D9A1915E0152D001FAD14 /* CoreGraphics.framework in Frameworks */,
			);
			runOnlyForDeploymentPostprocessing = 0;
		};
/* End PBXFrameworksBuildPhase section */

/* Begin PBXGroup section */
		6A55309215E4868000019CC9 /* FilterSamples */ = {
			isa = PBXGroup;
			children = (
				6A5530B715E486E900019CC9 /* 10.jpg */,
				6A5530B815E486E900019CC9 /* 10@2x.jpg */,
				6A5530B315E486E300019CC9 /* 9.jpg */,
				6A5530B415E486E300019CC9 /* 9@2x.jpg */,
				6A5530AF15E486DD00019CC9 /* 8.jpg */,
				6A5530B015E486DD00019CC9 /* 8@2x.jpg */,
				6A5530AB15E486D500019CC9 /* 7.jpg */,
				6A5530AC15E486D500019CC9 /* 7@2x.jpg */,
				6A5530A715E486CB00019CC9 /* 6.jpg */,
				6A5530A815E486CB00019CC9 /* 6@2x.jpg */,
				6A5530A315E486C300019CC9 /* 5.jpg */,
				6A5530A415E486C300019CC9 /* 5@2x.jpg */,
				6A55309F15E486BB00019CC9 /* 4.jpg */,
				6A5530A015E486BB00019CC9 /* 4@2x.jpg */,
				6A55309B15E486B300019CC9 /* 3.jpg */,
				6A55309C15E486B300019CC9 /* 3@2x.jpg */,
				6A55309715E486A600019CC9 /* 2.jpg */,
				6A55309815E486A600019CC9 /* 2@2x.jpg */,
				6A55309315E4869600019CC9 /* 1.jpg */,
				6A55309415E4869600019CC9 /* 1@2x.jpg */,
			);
			path = FilterSamples;
			sourceTree = "<group>";
		};
		6A5D9A0515E0152D001FAD14 = {
			isa = PBXGroup;
			children = (
				6A5D9A8515E02429001FAD14 /* Classes */,
				6A5D9AA815E0259A001FAD14 /* Resources */,
				6A5D9A8C15E02527001FAD14 /* Images */,
				6A5D9A1A15E0152D001FAD14 /* DLCImagePickerController */,
				6A5D9A1315E0152D001FAD14 /* Frameworks */,
				6A5D9A1115E0152D001FAD14 /* Products */,
			);
			sourceTree = "<group>";
			usesTabs = 0;
		};
		6A5D9A1115E0152D001FAD14 /* Products */ = {
			isa = PBXGroup;
			children = (
				6A5D9A1015E0152D001FAD14 /* DLCImagePickerController.app */,
			);
			name = Products;
			sourceTree = "<group>";
		};
		6A5D9A1315E0152D001FAD14 /* Frameworks */ = {
			isa = PBXGroup;
			children = (
				6A5D9A5815E01DA4001FAD14 /* AssetsLibrary.framework */,
				6A5D9A4815E01B72001FAD14 /* GPUImage.xcodeproj */,
				6A5D9A3315E015B3001FAD14 /* AVFoundation.framework */,
				6A5D9A3115E015A1001FAD14 /* OpenGLES.framework */,
				6A5D9A2F15E01598001FAD14 /* QuartzCore.framework */,
				6A5D9A2D15E01590001FAD14 /* CoreVideo.framework */,
				6A5D9A2B15E01587001FAD14 /* CoreMedia.framework */,
				6A5D9A1415E0152D001FAD14 /* UIKit.framework */,
				6A5D9A1615E0152D001FAD14 /* Foundation.framework */,
				6A5D9A1815E0152D001FAD14 /* CoreGraphics.framework */,
			);
			name = Frameworks;
			sourceTree = "<group>";
		};
		6A5D9A1A15E0152D001FAD14 /* DLCImagePickerController */ = {
			isa = PBXGroup;
			children = (
				6A0D0A27165A218F0028E1B6 /* Default-568h@2x.png */,
				6A5D9A2315E0152D001FAD14 /* AppDelegate.h */,
				6A5D9A2415E0152D001FAD14 /* AppDelegate.m */,
				6A5D9A1B15E0152D001FAD14 /* Supporting Files */,
			);
			path = DLCImagePickerController;
			sourceTree = "<group>";
		};
		6A5D9A1B15E0152D001FAD14 /* Supporting Files */ = {
			isa = PBXGroup;
			children = (
				6A5D9A1C15E0152D001FAD14 /* DLCImagePickerController-Info.plist */,
				6A5D9A1D15E0152D001FAD14 /* InfoPlist.strings */,
				6A5D9A2015E0152D001FAD14 /* main.m */,
				6A5D9A2215E0152D001FAD14 /* DLCImagePickerController-Prefix.pch */,
			);
			name = "Supporting Files";
			sourceTree = "<group>";
		};
		6A5D9A4915E01B72001FAD14 /* Products */ = {
			isa = PBXGroup;
			children = (
				6A5D9A5215E01B72001FAD14 /* libGPUImage.a */,
				6A5D9A5415E01B72001FAD14 /* GPUImageTests.octest */,
			);
			name = Products;
			sourceTree = "<group>";
		};
		6A5D9A8515E02429001FAD14 /* Classes */ = {
			isa = PBXGroup;
			children = (
				D2506222176226B4009DAE39 /* DLCImagePickerViewController */,
				6A5D9A8915E02504001FAD14 /* PhotoViewController.h */,
				6A5D9A8A15E02504001FAD14 /* PhotoViewController.m */,
			);
			path = Classes;
			sourceTree = "<group>";
		};
		6A5D9A8C15E02527001FAD14 /* Images */ = {
			isa = PBXGroup;
			children = (
				6A55309215E4868000019CC9 /* FilterSamples */,
				7D643C2E15E05FBF0035A22D /* Samples */,
				6A5D9A9215E02527001FAD14 /* Overlays */,
				6A5D9A9515E02527001FAD14 /* UI */,
			);
			path = Images;
			sourceTree = "<group>";
		};
		6A5D9A9215E02527001FAD14 /* Overlays */ = {
			isa = PBXGroup;
			children = (
				6A49CEA615E345070098304F /* blackframe.png */,
				6A5D9A9415E02527001FAD14 /* mask.png */,
			);
			path = Overlays;
			sourceTree = "<group>";
		};
		6A5D9A9515E02527001FAD14 /* UI */ = {
			isa = PBXGroup;
			children = (
				6A0D0A0D165A1FFC0028E1B6 /* focus-crosshair.png */,
				6A0D0A0E165A1FFC0028E1B6 /* focus-crosshair@2x.png */,
				6A23390C15E6C17000CC6CB2 /* library@2x.png */,
				6A23390D15E6C17000CC6CB2 /* library.png */,
				6A42CF7415E46F0E0062D3E7 /* blur-on.png */,
				6A42CF7515E46F0E0062D3E7 /* blur-on@2x.png */,
				6A49CF0815E461D10098304F /* close.png */,
				6A49CF0915E461D10098304F /* close@2x.png */,
				6A49CF0415E461B30098304F /* blur.png */,
				6A49CF0515E461B30098304F /* blur@2x.png */,
				6A49CF0015E4617A0098304F /* front-camera.png */,
				6A49CF0115E4617A0098304F /* front-camera@2x.png */,
				6A49CEF415E461670098304F /* flash-auto.png */,
				6A49CEF515E461670098304F /* flash-auto@2x.png */,
				6A49CEF615E461670098304F /* flash-off.png */,
				6A49CEF715E461670098304F /* flash-off@2x.png */,
				6A49CEF815E461670098304F /* flash.png */,
				6A49CEF915E461670098304F /* flash@2x.png */,
				6A49CEF015E460540098304F /* filter.png */,
				6A49CEF115E460540098304F /* filter@2x.png */,
				6A49CEE815E45A5F0098304F /* camera-button.png */,
				6A49CEE915E45A5F0098304F /* camera-button@2x.png */,
				6A49CEEA15E45A5F0098304F /* camera-icon.png */,
				6A49CEEB15E45A5F0098304F /* camera-icon@2x.png */,
				6A49CED415E459B00098304F /* filter-close.png */,
				6A49CED515E459B00098304F /* filter-close@2x.png */,
				6A49CED615E459B00098304F /* filter-open.png */,
				6A49CED715E459B00098304F /* filter-open@2x.png */,
				6A5D9A9615E02527001FAD14 /* dock_bg.png */,
				6A5D9A9715E02527001FAD14 /* dock_bg@2x.png */,
				6A5D9A9815E02527001FAD14 /* micro_carbon.png */,
				6A5D9A9915E02527001FAD14 /* micro_carbon@2x.png */,
				6A5D9A9A15E02527001FAD14 /* photo_bar.png */,
				6A5D9A9B15E02527001FAD14 /* photo_bar@2x.png */,
			);
			path = UI;
			sourceTree = "<group>";
		};
		6A5D9AA815E0259A001FAD14 /* Resources */ = {
			isa = PBXGroup;
			children = (
				7D1E64B615E1F8D9005A9E09 /* Curves */,
				6A5D9AA915E0259A001FAD14 /* DLCImagePicker.xib */,
			);
			path = Resources;
			sourceTree = "<group>";
		};
		7D0E5AB515E20987009D19C9 /* Filters */ = {
			isa = PBXGroup;
			children = (
				7D0E5AB615E2099C009D19C9 /* DLCGrayscaleContrastFilter.h */,
				7D0E5AB715E209AD009D19C9 /* DLCGrayscaleContrastFilter.m */,
			);
			name = Filters;
			sourceTree = "<group>";
		};
		7D1E64B615E1F8D9005A9E09 /* Curves */ = {
			isa = PBXGroup;
			children = (
				7DFAE1B915E22A9F00C8236F /* aqua.acv */,
				6A5BBDA515E2214B00B1B485 /* 02.acv */,
				6A5BBDA615E2214B00B1B485 /* 06.acv */,
				6A5BBDA715E2214B00B1B485 /* 17.acv */,
				7D0E5AB115E203FA009D19C9 /* purple-green.acv */,
				7D0E5AB215E203FA009D19C9 /* yellow-red.acv */,
				7D1E64B715E1FA2F005A9E09 /* crossprocess.acv */,
			);
			name = Curves;
			sourceTree = "<group>";
		};
		7D643C2E15E05FBF0035A22D /* Samples */ = {
			isa = PBXGroup;
			children = (
				7DEB4DC515E063420078BFAD /* sample1.jpg */,
			);
			name = Samples;
			sourceTree = "<group>";
		};
		D2506222176226B4009DAE39 /* DLCImagePickerViewController */ = {
			isa = PBXGroup;
			children = (
				6A5D9A8615E02429001FAD14 /* DLCImagePickerController.h */,
				6A5D9A8715E02429001FAD14 /* DLCImagePickerController.m */,
				6A0D09FF165A1CBE0028E1B6 /* DLCBlurOverlayView.h */,
				6A0D0A00165A1CBE0028E1B6 /* DLCBlurOverlayView.m */,
				7D0E5AB515E20987009D19C9 /* Filters */,
			);
			name = DLCImagePickerViewController;
			sourceTree = "<group>";
		};
/* End PBXGroup section */

/* Begin PBXNativeTarget section */
		6A5D9A0F15E0152D001FAD14 /* DLCImagePickerController */ = {
			isa = PBXNativeTarget;
			buildConfigurationList = 6A5D9A2815E0152E001FAD14 /* Build configuration list for PBXNativeTarget "DLCImagePickerController" */;
			buildPhases = (
				6A5D9A0C15E0152D001FAD14 /* Sources */,
				6A5D9A0D15E0152D001FAD14 /* Frameworks */,
				6A5D9A0E15E0152D001FAD14 /* Resources */,
			);
			buildRules = (
			);
			dependencies = (
				6A5D9A5615E01BC2001FAD14 /* PBXTargetDependency */,
			);
			name = DLCImagePickerController;
			productName = DLCImagePickerController;
			productReference = 6A5D9A1015E0152D001FAD14 /* DLCImagePickerController.app */;
			productType = "com.apple.product-type.application";
		};
/* End PBXNativeTarget section */

/* Begin PBXProject section */
		6A5D9A0715E0152D001FAD14 /* Project object */ = {
			isa = PBXProject;
			attributes = {
				LastUpgradeCheck = 0430;
				ORGANIZATIONNAME = "Backspaces Inc";
			};
			buildConfigurationList = 6A5D9A0A15E0152D001FAD14 /* Build configuration list for PBXProject "DLCImagePickerController" */;
			compatibilityVersion = "Xcode 3.2";
			developmentRegion = English;
			hasScannedForEncodings = 0;
			knownRegions = (
				en,
			);
			mainGroup = 6A5D9A0515E0152D001FAD14;
			productRefGroup = 6A5D9A1115E0152D001FAD14 /* Products */;
			projectDirPath = "";
			projectReferences = (
				{
					ProductGroup = 6A5D9A4915E01B72001FAD14 /* Products */;
					ProjectRef = 6A5D9A4815E01B72001FAD14 /* GPUImage.xcodeproj */;
				},
			);
			projectRoot = "";
			targets = (
				6A5D9A0F15E0152D001FAD14 /* DLCImagePickerController */,
			);
		};
/* End PBXProject section */

/* Begin PBXReferenceProxy section */
		6A5D9A5215E01B72001FAD14 /* libGPUImage.a */ = {
			isa = PBXReferenceProxy;
			fileType = archive.ar;
			path = libGPUImage.a;
			remoteRef = 6A5D9A5115E01B72001FAD14 /* PBXContainerItemProxy */;
			sourceTree = BUILT_PRODUCTS_DIR;
		};
		6A5D9A5415E01B72001FAD14 /* GPUImageTests.octest */ = {
			isa = PBXReferenceProxy;
			fileType = wrapper.cfbundle;
			path = GPUImageTests.octest;
			remoteRef = 6A5D9A5315E01B72001FAD14 /* PBXContainerItemProxy */;
			sourceTree = BUILT_PRODUCTS_DIR;
		};
/* End PBXReferenceProxy section */

/* Begin PBXResourcesBuildPhase section */
		6A5D9A0E15E0152D001FAD14 /* Resources */ = {
			isa = PBXResourcesBuildPhase;
			buildActionMask = 2147483647;
			files = (
				6A5D9A1F15E0152D001FAD14 /* InfoPlist.strings in Resources */,
				6A5D9AA115E02527001FAD14 /* mask.png in Resources */,
				6A5D9AA215E02527001FAD14 /* dock_bg.png in Resources */,
				6A5D9AA315E02527001FAD14 /* dock_bg@2x.png in Resources */,
				6A5D9AA415E02527001FAD14 /* micro_carbon.png in Resources */,
				6A5D9AA515E02527001FAD14 /* micro_carbon@2x.png in Resources */,
				6A5D9AA615E02527001FAD14 /* photo_bar.png in Resources */,
				6A5D9AA715E02527001FAD14 /* photo_bar@2x.png in Resources */,
				6A5D9AAA15E0259A001FAD14 /* DLCImagePicker.xib in Resources */,
				7DEB4DC615E063420078BFAD /* sample1.jpg in Resources */,
				7D1E64B915E1FA2F005A9E09 /* crossprocess.acv in Resources */,
				7D0E5AB315E203FA009D19C9 /* purple-green.acv in Resources */,
				7D0E5AB415E203FA009D19C9 /* yellow-red.acv in Resources */,
				6A5BBDA815E2214B00B1B485 /* 02.acv in Resources */,
				6A5BBDA915E2214B00B1B485 /* 06.acv in Resources */,
				6A5BBDAA15E2214B00B1B485 /* 17.acv in Resources */,
				7DFAE1BA15E22A9F00C8236F /* aqua.acv in Resources */,
				6A49CEA715E345070098304F /* blackframe.png in Resources */,
				6A49CED815E459B00098304F /* filter-close.png in Resources */,
				6A49CED915E459B00098304F /* filter-close@2x.png in Resources */,
				6A49CEDA15E459B00098304F /* filter-open.png in Resources */,
				6A49CEDB15E459B00098304F /* filter-open@2x.png in Resources */,
				6A49CEEC15E45A5F0098304F /* camera-button.png in Resources */,
				6A49CEED15E45A5F0098304F /* camera-button@2x.png in Resources */,
				6A49CEEE15E45A5F0098304F /* camera-icon.png in Resources */,
				6A49CEEF15E45A5F0098304F /* camera-icon@2x.png in Resources */,
				6A49CEF215E460540098304F /* filter.png in Resources */,
				6A49CEF315E460540098304F /* filter@2x.png in Resources */,
				6A49CEFA15E461670098304F /* flash-auto.png in Resources */,
				6A49CEFB15E461670098304F /* flash-auto@2x.png in Resources */,
				6A49CEFC15E461670098304F /* flash-off.png in Resources */,
				6A49CEFD15E461670098304F /* flash-off@2x.png in Resources */,
				6A49CEFE15E461670098304F /* flash.png in Resources */,
				6A49CEFF15E461670098304F /* flash@2x.png in Resources */,
				6A49CF0215E4617A0098304F /* front-camera.png in Resources */,
				6A49CF0315E4617A0098304F /* front-camera@2x.png in Resources */,
				6A49CF0615E461B30098304F /* blur.png in Resources */,
				6A49CF0715E461B30098304F /* blur@2x.png in Resources */,
				6A49CF0A15E461D10098304F /* close.png in Resources */,
				6A49CF0B15E461D10098304F /* close@2x.png in Resources */,
				6A42CF7615E46F0E0062D3E7 /* blur-on.png in Resources */,
				6A42CF7715E46F0E0062D3E7 /* blur-on@2x.png in Resources */,
				6A55309515E4869600019CC9 /* 1.jpg in Resources */,
				6A55309615E4869600019CC9 /* 1@2x.jpg in Resources */,
				6A55309915E486A600019CC9 /* 2.jpg in Resources */,
				6A55309A15E486A600019CC9 /* 2@2x.jpg in Resources */,
				6A55309D15E486B300019CC9 /* 3.jpg in Resources */,
				6A55309E15E486B300019CC9 /* 3@2x.jpg in Resources */,
				6A5530A115E486BB00019CC9 /* 4.jpg in Resources */,
				6A5530A215E486BB00019CC9 /* 4@2x.jpg in Resources */,
				6A5530A515E486C300019CC9 /* 5.jpg in Resources */,
				6A5530A615E486C300019CC9 /* 5@2x.jpg in Resources */,
				6A5530A915E486CB00019CC9 /* 6.jpg in Resources */,
				6A5530AA15E486CB00019CC9 /* 6@2x.jpg in Resources */,
				6A5530AD15E486D500019CC9 /* 7.jpg in Resources */,
				6A5530AE15E486D500019CC9 /* 7@2x.jpg in Resources */,
				6A5530B115E486DD00019CC9 /* 8.jpg in Resources */,
				6A5530B215E486DD00019CC9 /* 8@2x.jpg in Resources */,
				6A5530B515E486E300019CC9 /* 9.jpg in Resources */,
				6A5530B615E486E300019CC9 /* 9@2x.jpg in Resources */,
				6A5530B915E486E900019CC9 /* 10.jpg in Resources */,
				6A5530BA15E486E900019CC9 /* 10@2x.jpg in Resources */,
				6A23390E15E6C17000CC6CB2 /* library@2x.png in Resources */,
				6A23390F15E6C17000CC6CB2 /* library.png in Resources */,
				6A0D0A0F165A1FFC0028E1B6 /* focus-crosshair.png in Resources */,
				6A0D0A10165A1FFC0028E1B6 /* focus-crosshair@2x.png in Resources */,
				6A0D0A28165A218F0028E1B6 /* Default-568h@2x.png in Resources */,
			);
			runOnlyForDeploymentPostprocessing = 0;
		};
/* End PBXResourcesBuildPhase section */

/* Begin PBXSourcesBuildPhase section */
		6A5D9A0C15E0152D001FAD14 /* Sources */ = {
			isa = PBXSourcesBuildPhase;
			buildActionMask = 2147483647;
			files = (
				6A5D9A2115E0152D001FAD14 /* main.m in Sources */,
				6A5D9A2515E0152E001FAD14 /* AppDelegate.m in Sources */,
				6A5D9A8815E02429001FAD14 /* DLCImagePickerController.m in Sources */,
				6A5D9A8B15E02504001FAD14 /* PhotoViewController.m in Sources */,
				7D0E5AB815E209AD009D19C9 /* DLCGrayscaleContrastFilter.m in Sources */,
				6A0D0A01165A1CBE0028E1B6 /* DLCBlurOverlayView.m in Sources */,
			);
			runOnlyForDeploymentPostprocessing = 0;
		};
/* End PBXSourcesBuildPhase section */

/* Begin PBXTargetDependency section */
		6A5D9A5615E01BC2001FAD14 /* PBXTargetDependency */ = {
			isa = PBXTargetDependency;
			name = GPUImage;
			targetProxy = 6A5D9A5515E01BC2001FAD14 /* PBXContainerItemProxy */;
		};
/* End PBXTargetDependency section */

/* Begin PBXVariantGroup section */
		6A5D9A1D15E0152D001FAD14 /* InfoPlist.strings */ = {
			isa = PBXVariantGroup;
			children = (
				6A5D9A1E15E0152D001FAD14 /* en */,
			);
			name = InfoPlist.strings;
			sourceTree = "<group>";
		};
/* End PBXVariantGroup section */

/* Begin XCBuildConfiguration section */
		6A5D9A2615E0152E001FAD14 /* Debug */ = {
			isa = XCBuildConfiguration;
			buildSettings = {
				ALWAYS_SEARCH_USER_PATHS = NO;
				ARCHS = "$(ARCHS_STANDARD_32_BIT)";
				CLANG_ENABLE_OBJC_ARC = YES;
				"CODE_SIGN_IDENTITY[sdk=iphoneos*]" = "iPhone Developer";
				COPY_PHASE_STRIP = NO;
				GCC_C_LANGUAGE_STANDARD = gnu99;
				GCC_DYNAMIC_NO_PIC = NO;
				GCC_OPTIMIZATION_LEVEL = 0;
				GCC_PREPROCESSOR_DEFINITIONS = (
					"DEBUG=1",
					"$(inherited)",
				);
				GCC_SYMBOLS_PRIVATE_EXTERN = NO;
				GCC_VERSION = com.apple.compilers.llvm.clang.1_0;
				GCC_WARN_ABOUT_RETURN_TYPE = YES;
				GCC_WARN_UNINITIALIZED_AUTOS = YES;
				GCC_WARN_UNUSED_VARIABLE = YES;
				HEADER_SEARCH_PATHS = "GPUImage/framework/**";
				IPHONEOS_DEPLOYMENT_TARGET = 4.3;
				SDKROOT = iphoneos;
			};
			name = Debug;
		};
		6A5D9A2715E0152E001FAD14 /* Release */ = {
			isa = XCBuildConfiguration;
			buildSettings = {
				ALWAYS_SEARCH_USER_PATHS = NO;
				ARCHS = "$(ARCHS_STANDARD_32_BIT)";
				CLANG_ENABLE_OBJC_ARC = YES;
				"CODE_SIGN_IDENTITY[sdk=iphoneos*]" = "iPhone Developer";
				COPY_PHASE_STRIP = YES;
				GCC_C_LANGUAGE_STANDARD = gnu99;
				GCC_VERSION = com.apple.compilers.llvm.clang.1_0;
				GCC_WARN_ABOUT_RETURN_TYPE = YES;
				GCC_WARN_UNINITIALIZED_AUTOS = YES;
				GCC_WARN_UNUSED_VARIABLE = YES;
				HEADER_SEARCH_PATHS = "GPUImage/framework/**";
				IPHONEOS_DEPLOYMENT_TARGET = 4.3;
				OTHER_CFLAGS = "-DNS_BLOCK_ASSERTIONS=1";
				SDKROOT = iphoneos;
				VALIDATE_PRODUCT = YES;
			};
			name = Release;
		};
		6A5D9A2915E0152E001FAD14 /* Debug */ = {
			isa = XCBuildConfiguration;
			buildSettings = {
				GCC_PRECOMPILE_PREFIX_HEADER = YES;
				GCC_PREFIX_HEADER = "DLCImagePickerController/DLCImagePickerController-Prefix.pch";
				INFOPLIST_FILE = "DLCImagePickerController/DLCImagePickerController-Info.plist";
				IPHONEOS_DEPLOYMENT_TARGET = 5.0;
				PRODUCT_NAME = "$(TARGET_NAME)";
				WRAPPER_EXTENSION = app;
			};
			name = Debug;
		};
		6A5D9A2A15E0152E001FAD14 /* Release */ = {
			isa = XCBuildConfiguration;
			buildSettings = {
				GCC_PRECOMPILE_PREFIX_HEADER = YES;
				GCC_PREFIX_HEADER = "DLCImagePickerController/DLCImagePickerController-Prefix.pch";
				INFOPLIST_FILE = "DLCImagePickerController/DLCImagePickerController-Info.plist";
				IPHONEOS_DEPLOYMENT_TARGET = 5.0;
				PRODUCT_NAME = "$(TARGET_NAME)";
				WRAPPER_EXTENSION = app;
			};
			name = Release;
		};
/* End XCBuildConfiguration section */

/* Begin XCConfigurationList section */
		6A5D9A0A15E0152D001FAD14 /* Build configuration list for PBXProject "DLCImagePickerController" */ = {
			isa = XCConfigurationList;
			buildConfigurations = (
				6A5D9A2615E0152E001FAD14 /* Debug */,
				6A5D9A2715E0152E001FAD14 /* Release */,
			);
			defaultConfigurationIsVisible = 0;
			defaultConfigurationName = Release;
		};
		6A5D9A2815E0152E001FAD14 /* Build configuration list for PBXNativeTarget "DLCImagePickerController" */ = {
			isa = XCConfigurationList;
			buildConfigurations = (
				6A5D9A2915E0152E001FAD14 /* Debug */,
				6A5D9A2A15E0152E001FAD14 /* Release */,
			);
			defaultConfigurationIsVisible = 0;
			defaultConfigurationName = Release;
		};
/* End XCConfigurationList section */
	};
	rootObject = 6A5D9A0715E0152D001FAD14 /* Project object */;
}
