// !$*UTF8*$!
{
	archiveVersion = 1;
	classes = {
	};
	objectVersion = 46;
	objects = {

/* Begin PBXBuildFile section */
		6A5D9A1515E0152D001FAD14 /* UIKit.framework in Frameworks */ = {isa = PBXBuildFile; fileRef = 6A5D9A1415E0152D001FAD14 /* UIKit.framework */; };
		6A5D9A1715E0152D001FAD14 /* Foundation.framework in Frameworks */ = {isa = PBXBuildFile; fileRef = 6A5D9A1615E0152D001FAD14 /* Foundation.framework */; };
		6A5D9A1915E0152D001FAD14 /* CoreGraphics.framework in Frameworks */ = {isa = PBXBuildFile; fileRef = 6A5D9A1815E0152D001FAD14 /* CoreGraphics.framework */; };
		6A5D9A1F15E0152D001FAD14 /* InfoPlist.strings in Resources */ = {isa = PBXBuildFile; fileRef = 6A5D9A1D15E0152D001FAD14 /* InfoPlist.strings */; };
		6A5D9A2115E0152D001FAD14 /* main.m in Sources */ = {isa = PBXBuildFile; fileRef = 6A5D9A2015E0152D001FAD14 /* main.m */; };
		6A5D9A2515E0152E001FAD14 /* AppDelegate.m in Sources */ = {isa = PBXBuildFile; fileRef = 6A5D9A2415E0152D001FAD14 /* AppDelegate.m */; };
		6A5D9A2C15E01587001FAD14 /* CoreMedia.framework in Frameworks */ = {isa = PBXBuildFile; fileRef = 6A5D9A2B15E01587001FAD14 /* CoreMedia.framework */; };
		6A5D9A2E15E01590001FAD14 /* CoreVideo.framework in Frameworks */ = {isa = PBXBuildFile; fileRef = 6A5D9A2D15E01590001FAD14 /* CoreVideo.framework */; };
		6A5D9A3015E01598001FAD14 /* QuartzCore.framework in Frameworks */ = {isa = PBXBuildFile; fileRef = 6A5D9A2F15E01598001FAD14 /* QuartzCore.framework */; };
		6A5D9A3215E015A1001FAD14 /* OpenGLES.framework in Frameworks */ = {isa = PBXBuildFile; fileRef = 6A5D9A3115E015A1001FAD14 /* OpenGLES.framework */; };
		6A5D9A3415E015B3001FAD14 /* AVFoundation.framework in Frameworks */ = {isa = PBXBuildFile; fileRef = 6A5D9A3315E015B3001FAD14 /* AVFoundation.framework */; };
		6A5D9A5715E01BD7001FAD14 /* libGPUImage.a in Frameworks */ = {isa = PBXBuildFile; fileRef = 6A5D9A5215E01B72001FAD14 /* libGPUImage.a */; };
		6A5D9A5915E01DA4001FAD14 /* AssetsLibrary.framework in Frameworks */ = {isa = PBXBuildFile; fileRef = 6A5D9A5815E01DA4001FAD14 /* AssetsLibrary.framework */; };
		6A5D9A8815E02429001FAD14 /* DLCImagePickerController.m in Sources */ = {isa = PBXBuildFile; fileRef = 6A5D9A8715E02429001FAD14 /* DLCImagePickerController.m */; };
		6A5D9A8B15E02504001FAD14 /* PhotoViewController.m in Sources */ = {isa = PBXBuildFile; fileRef = 6A5D9A8A15E02504001FAD14 /* PhotoViewController.m */; };
		6A5D9A9C15E02527001FAD14 /* lookup_amatorka.png in Resources */ = {isa = PBXBuildFile; fileRef = 6A5D9A8E15E02527001FAD14 /* lookup_amatorka.png */; };
		6A5D9A9D15E02527001FAD14 /* lookup_miss_etikate.png in Resources */ = {isa = PBXBuildFile; fileRef = 6A5D9A8F15E02527001FAD14 /* lookup_miss_etikate.png */; };
		6A5D9A9E15E02527001FAD14 /* lookup_soft_elegance_1.png in Resources */ = {isa = PBXBuildFile; fileRef = 6A5D9A9015E02527001FAD14 /* lookup_soft_elegance_1.png */; };
		6A5D9A9F15E02527001FAD14 /* lookup_soft_elegance_2.png in Resources */ = {isa = PBXBuildFile; fileRef = 6A5D9A9115E02527001FAD14 /* lookup_soft_elegance_2.png */; };
		6A5D9AA015E02527001FAD14 /* blackframe.png in Resources */ = {isa = PBXBuildFile; fileRef = 6A5D9A9315E02527001FAD14 /* blackframe.png */; };
		6A5D9AA115E02527001FAD14 /* mask.png in Resources */ = {isa = PBXBuildFile; fileRef = 6A5D9A9415E02527001FAD14 /* mask.png */; };
		6A5D9AA215E02527001FAD14 /* dock_bg.png in Resources */ = {isa = PBXBuildFile; fileRef = 6A5D9A9615E02527001FAD14 /* dock_bg.png */; };
		6A5D9AA315E02527001FAD14 /* dock_bg@2x.png in Resources */ = {isa = PBXBuildFile; fileRef = 6A5D9A9715E02527001FAD14 /* dock_bg@2x.png */; };
		6A5D9AA415E02527001FAD14 /* micro_carbon.png in Resources */ = {isa = PBXBuildFile; fileRef = 6A5D9A9815E02527001FAD14 /* micro_carbon.png */; };
		6A5D9AA515E02527001FAD14 /* micro_carbon@2x.png in Resources */ = {isa = PBXBuildFile; fileRef = 6A5D9A9915E02527001FAD14 /* micro_carbon@2x.png */; };
		6A5D9AA615E02527001FAD14 /* photo_bar.png in Resources */ = {isa = PBXBuildFile; fileRef = 6A5D9A9A15E02527001FAD14 /* photo_bar.png */; };
		6A5D9AA715E02527001FAD14 /* photo_bar@2x.png in Resources */ = {isa = PBXBuildFile; fileRef = 6A5D9A9B15E02527001FAD14 /* photo_bar@2x.png */; };
		6A5D9AAA15E0259A001FAD14 /* DLCImagePicker.xib in Resources */ = {isa = PBXBuildFile; fileRef = 6A5D9AA915E0259A001FAD14 /* DLCImagePicker.xib */; };
		6A8AB4CB15E2133D006D11D3 /* 02.acv in Resources */ = {isa = PBXBuildFile; fileRef = 6A8AB4CA15E2133D006D11D3 /* 02.acv */; };
		6A8AB4CD15E213A6006D11D3 /* 06.acv in Resources */ = {isa = PBXBuildFile; fileRef = 6A8AB4CC15E213A6006D11D3 /* 06.acv */; };
		6A8AB4CF15E213C5006D11D3 /* 17.acv in Resources */ = {isa = PBXBuildFile; fileRef = 6A8AB4CE15E213C5006D11D3 /* 17.acv */; };
		7D0E5AB315E203FA009D19C9 /* purple-green.acv in Resources */ = {isa = PBXBuildFile; fileRef = 7D0E5AB115E203FA009D19C9 /* purple-green.acv */; };
		7D0E5AB415E203FA009D19C9 /* yellow-red.acv in Resources */ = {isa = PBXBuildFile; fileRef = 7D0E5AB215E203FA009D19C9 /* yellow-red.acv */; };
		7D0E5AB815E209AD009D19C9 /* GrayscaleContrastFilter.m in Sources */ = {isa = PBXBuildFile; fileRef = 7D0E5AB715E209AD009D19C9 /* GrayscaleContrastFilter.m */; };
		7D1E64B915E1FA2F005A9E09 /* crossprocess.acv in Resources */ = {isa = PBXBuildFile; fileRef = 7D1E64B715E1FA2F005A9E09 /* crossprocess.acv */; };
		7DEB4DC615E063420078BFAD /* sample1.jpg in Resources */ = {isa = PBXBuildFile; fileRef = 7DEB4DC515E063420078BFAD /* sample1.jpg */; };
/* End PBXBuildFile section */

/* Begin PBXContainerItemProxy section */
		6A5D9A5115E01B72001FAD14 /* PBXContainerItemProxy */ = {
			isa = PBXContainerItemProxy;
			containerPortal = 6A5D9A4815E01B72001FAD14 /* GPUImage.xcodeproj */;
			proxyType = 2;
			remoteGlobalIDString = BCF1A33414DDB1EC00852800;
			remoteInfo = GPUImage;
		};
		6A5D9A5315E01B72001FAD14 /* PBXContainerItemProxy */ = {
			isa = PBXContainerItemProxy;
			containerPortal = 6A5D9A4815E01B72001FAD14 /* GPUImage.xcodeproj */;
			proxyType = 2;
			remoteGlobalIDString = BCF1A34414DDB1EC00852800;
			remoteInfo = GPUImageTests;
		};
		6A5D9A5515E01BC2001FAD14 /* PBXContainerItemProxy */ = {
			isa = PBXContainerItemProxy;
			containerPortal = 6A5D9A4815E01B72001FAD14 /* GPUImage.xcodeproj */;
			proxyType = 1;
			remoteGlobalIDString = BCF1A33314DDB1EC00852800;
			remoteInfo = GPUImage;
		};
/* End PBXContainerItemProxy section */

/* Begin PBXFileReference section */
		6A5D9A1015E0152D001FAD14 /* DLCImagePickerController.app */ = {isa = PBXFileReference; explicitFileType = wrapper.application; includeInIndex = 0; path = DLCImagePickerController.app; sourceTree = BUILT_PRODUCTS_DIR; };
		6A5D9A1415E0152D001FAD14 /* UIKit.framework */ = {isa = PBXFileReference; lastKnownFileType = wrapper.framework; name = UIKit.framework; path = System/Library/Frameworks/UIKit.framework; sourceTree = SDKROOT; };
		6A5D9A1615E0152D001FAD14 /* Foundation.framework */ = {isa = PBXFileReference; lastKnownFileType = wrapper.framework; name = Foundation.framework; path = System/Library/Frameworks/Foundation.framework; sourceTree = SDKROOT; };
		6A5D9A1815E0152D001FAD14 /* CoreGraphics.framework */ = {isa = PBXFileReference; lastKnownFileType = wrapper.framework; name = CoreGraphics.framework; path = System/Library/Frameworks/CoreGraphics.framework; sourceTree = SDKROOT; };
		6A5D9A1C15E0152D001FAD14 /* DLCImagePickerController-Info.plist */ = {isa = PBXFileReference; lastKnownFileType = text.plist.xml; path = "DLCImagePickerController-Info.plist"; sourceTree = "<group>"; };
		6A5D9A1E15E0152D001FAD14 /* en */ = {isa = PBXFileReference; lastKnownFileType = text.plist.strings; name = en; path = en.lproj/InfoPlist.strings; sourceTree = "<group>"; };
		6A5D9A2015E0152D001FAD14 /* main.m */ = {isa = PBXFileReference; lastKnownFileType = sourcecode.c.objc; path = main.m; sourceTree = "<group>"; };
		6A5D9A2215E0152D001FAD14 /* DLCImagePickerController-Prefix.pch */ = {isa = PBXFileReference; lastKnownFileType = sourcecode.c.h; path = "DLCImagePickerController-Prefix.pch"; sourceTree = "<group>"; };
		6A5D9A2315E0152D001FAD14 /* AppDelegate.h */ = {isa = PBXFileReference; lastKnownFileType = sourcecode.c.h; path = AppDelegate.h; sourceTree = "<group>"; };
		6A5D9A2415E0152D001FAD14 /* AppDelegate.m */ = {isa = PBXFileReference; lastKnownFileType = sourcecode.c.objc; path = AppDelegate.m; sourceTree = "<group>"; };
		6A5D9A2B15E01587001FAD14 /* CoreMedia.framework */ = {isa = PBXFileReference; lastKnownFileType = wrapper.framework; name = CoreMedia.framework; path = System/Library/Frameworks/CoreMedia.framework; sourceTree = SDKROOT; };
		6A5D9A2D15E01590001FAD14 /* CoreVideo.framework */ = {isa = PBXFileReference; lastKnownFileType = wrapper.framework; name = CoreVideo.framework; path = System/Library/Frameworks/CoreVideo.framework; sourceTree = SDKROOT; };
		6A5D9A2F15E01598001FAD14 /* QuartzCore.framework */ = {isa = PBXFileReference; lastKnownFileType = wrapper.framework; name = QuartzCore.framework; path = System/Library/Frameworks/QuartzCore.framework; sourceTree = SDKROOT; };
		6A5D9A3115E015A1001FAD14 /* OpenGLES.framework */ = {isa = PBXFileReference; lastKnownFileType = wrapper.framework; name = OpenGLES.framework; path = System/Library/Frameworks/OpenGLES.framework; sourceTree = SDKROOT; };
		6A5D9A3315E015B3001FAD14 /* AVFoundation.framework */ = {isa = PBXFileReference; lastKnownFileType = wrapper.framework; name = AVFoundation.framework; path = System/Library/Frameworks/AVFoundation.framework; sourceTree = SDKROOT; };
		6A5D9A4815E01B72001FAD14 /* GPUImage.xcodeproj */ = {isa = PBXFileReference; lastKnownFileType = "wrapper.pb-project"; name = GPUImage.xcodeproj; path = GPUImage/framework/GPUImage.xcodeproj; sourceTree = "<group>"; };
		6A5D9A5815E01DA4001FAD14 /* AssetsLibrary.framework */ = {isa = PBXFileReference; lastKnownFileType = wrapper.framework; name = AssetsLibrary.framework; path = System/Library/Frameworks/AssetsLibrary.framework; sourceTree = SDKROOT; };
		6A5D9A8615E02429001FAD14 /* DLCImagePickerController.h */ = {isa = PBXFileReference; fileEncoding = 4; lastKnownFileType = sourcecode.c.h; path = DLCImagePickerController.h; sourceTree = "<group>"; };
		6A5D9A8715E02429001FAD14 /* DLCImagePickerController.m */ = {isa = PBXFileReference; fileEncoding = 4; lastKnownFileType = sourcecode.c.objc; path = DLCImagePickerController.m; sourceTree = "<group>"; };
		6A5D9A8915E02504001FAD14 /* PhotoViewController.h */ = {isa = PBXFileReference; fileEncoding = 4; lastKnownFileType = sourcecode.c.h; path = PhotoViewController.h; sourceTree = "<group>"; };
		6A5D9A8A15E02504001FAD14 /* PhotoViewController.m */ = {isa = PBXFileReference; fileEncoding = 4; lastKnownFileType = sourcecode.c.objc; path = PhotoViewController.m; sourceTree = "<group>"; };
		6A5D9A8E15E02527001FAD14 /* lookup_amatorka.png */ = {isa = PBXFileReference; lastKnownFileType = image.png; path = lookup_amatorka.png; sourceTree = "<group>"; };
		6A5D9A8F15E02527001FAD14 /* lookup_miss_etikate.png */ = {isa = PBXFileReference; lastKnownFileType = image.png; path = lookup_miss_etikate.png; sourceTree = "<group>"; };
		6A5D9A9015E02527001FAD14 /* lookup_soft_elegance_1.png */ = {isa = PBXFileReference; lastKnownFileType = image.png; path = lookup_soft_elegance_1.png; sourceTree = "<group>"; };
		6A5D9A9115E02527001FAD14 /* lookup_soft_elegance_2.png */ = {isa = PBXFileReference; lastKnownFileType = image.png; path = lookup_soft_elegance_2.png; sourceTree = "<group>"; };
		6A5D9A9315E02527001FAD14 /* blackframe.png */ = {isa = PBXFileReference; lastKnownFileType = image.png; path = blackframe.png; sourceTree = "<group>"; };
		6A5D9A9415E02527001FAD14 /* mask.png */ = {isa = PBXFileReference; lastKnownFileType = image.png; path = mask.png; sourceTree = "<group>"; };
		6A5D9A9615E02527001FAD14 /* dock_bg.png */ = {isa = PBXFileReference; lastKnownFileType = image.png; path = dock_bg.png; sourceTree = "<group>"; };
		6A5D9A9715E02527001FAD14 /* dock_bg@2x.png */ = {isa = PBXFileReference; lastKnownFileType = image.png; path = "dock_bg@2x.png"; sourceTree = "<group>"; };
		6A5D9A9815E02527001FAD14 /* micro_carbon.png */ = {isa = PBXFileReference; lastKnownFileType = image.png; path = micro_carbon.png; sourceTree = "<group>"; };
		6A5D9A9915E02527001FAD14 /* micro_carbon@2x.png */ = {isa = PBXFileReference; lastKnownFileType = image.png; path = "micro_carbon@2x.png"; sourceTree = "<group>"; };
		6A5D9A9A15E02527001FAD14 /* photo_bar.png */ = {isa = PBXFileReference; lastKnownFileType = image.png; path = photo_bar.png; sourceTree = "<group>"; };
		6A5D9A9B15E02527001FAD14 /* photo_bar@2x.png */ = {isa = PBXFileReference; lastKnownFileType = image.png; path = "photo_bar@2x.png"; sourceTree = "<group>"; };
		6A5D9AA915E0259A001FAD14 /* DLCImagePicker.xib */ = {isa = PBXFileReference; fileEncoding = 4; lastKnownFileType = file.xib; path = DLCImagePicker.xib; sourceTree = "<group>"; };
		6A8AB4CA15E2133D006D11D3 /* 02.acv */ = {isa = PBXFileReference; lastKnownFileType = file; path = 02.acv; sourceTree = "<group>"; };
		6A8AB4CC15E213A6006D11D3 /* 06.acv */ = {isa = PBXFileReference; lastKnownFileType = file; path = 06.acv; sourceTree = "<group>"; };
		6A8AB4CE15E213C5006D11D3 /* 17.acv */ = {isa = PBXFileReference; lastKnownFileType = file; path = 17.acv; sourceTree = "<group>"; };
		7D0E5AB115E203FA009D19C9 /* purple-green.acv */ = {isa = PBXFileReference; lastKnownFileType = file; name = "purple-green.acv"; path = "Filters/purple-green.acv"; sourceTree = "<group>"; };
		7D0E5AB215E203FA009D19C9 /* yellow-red.acv */ = {isa = PBXFileReference; lastKnownFileType = file; name = "yellow-red.acv"; path = "Filters/yellow-red.acv"; sourceTree = "<group>"; };
		7D0E5AB615E2099C009D19C9 /* GrayscaleContrastFilter.h */ = {isa = PBXFileReference; fileEncoding = 4; lastKnownFileType = sourcecode.c.h; path = GrayscaleContrastFilter.h; sourceTree = "<group>"; };
		7D0E5AB715E209AD009D19C9 /* GrayscaleContrastFilter.m */ = {isa = PBXFileReference; fileEncoding = 4; lastKnownFileType = sourcecode.c.objc; path = GrayscaleContrastFilter.m; sourceTree = "<group>"; };
		7D1E64B715E1FA2F005A9E09 /* crossprocess.acv */ = {isa = PBXFileReference; lastKnownFileType = file; name = crossprocess.acv; path = Filters/crossprocess.acv; sourceTree = "<group>"; };
		7DEB4DC515E063420078BFAD /* sample1.jpg */ = {isa = PBXFileReference; lastKnownFileType = image.jpeg; name = sample1.jpg; path = Samples/sample1.jpg; sourceTree = "<group>"; };
/* End PBXFileReference section */

/* Begin PBXFrameworksBuildPhase section */
		6A5D9A0D15E0152D001FAD14 /* Frameworks */ = {
			isa = PBXFrameworksBuildPhase;
			buildActionMask = 2147483647;
			files = (
				6A5D9A5915E01DA4001FAD14 /* AssetsLibrary.framework in Frameworks */,
				6A5D9A5715E01BD7001FAD14 /* libGPUImage.a in Frameworks */,
				6A5D9A3415E015B3001FAD14 /* AVFoundation.framework in Frameworks */,
				6A5D9A3215E015A1001FAD14 /* OpenGLES.framework in Frameworks */,
				6A5D9A3015E01598001FAD14 /* QuartzCore.framework in Frameworks */,
				6A5D9A2E15E01590001FAD14 /* CoreVideo.framework in Frameworks */,
				6A5D9A2C15E01587001FAD14 /* CoreMedia.framework in Frameworks */,
				6A5D9A1515E0152D001FAD14 /* UIKit.framework in Frameworks */,
				6A5D9A1715E0152D001FAD14 /* Foundation.framework in Frameworks */,
				6A5D9A1915E0152D001FAD14 /* CoreGraphics.framework in Frameworks */,
			);
			runOnlyForDeploymentPostprocessing = 0;
		};
/* End PBXFrameworksBuildPhase section */

/* Begin PBXGroup section */
		6A5D9A0515E0152D001FAD14 = {
			isa = PBXGroup;
			children = (
				6A5D9A8515E02429001FAD14 /* Classes */,
				6A5D9AA815E0259A001FAD14 /* Resources */,
				6A5D9A8C15E02527001FAD14 /* Images */,
				6A5D9A1A15E0152D001FAD14 /* DLCImagePickerController */,
				6A5D9A1315E0152D001FAD14 /* Frameworks */,
				6A5D9A1115E0152D001FAD14 /* Products */,
			);
			sourceTree = "<group>";
		};
		6A5D9A1115E0152D001FAD14 /* Products */ = {
			isa = PBXGroup;
			children = (
				6A5D9A1015E0152D001FAD14 /* DLCImagePickerController.app */,
			);
			name = Products;
			sourceTree = "<group>";
		};
		6A5D9A1315E0152D001FAD14 /* Frameworks */ = {
			isa = PBXGroup;
			children = (
				6A5D9A5815E01DA4001FAD14 /* AssetsLibrary.framework */,
				6A5D9A4815E01B72001FAD14 /* GPUImage.xcodeproj */,
				6A5D9A3315E015B3001FAD14 /* AVFoundation.framework */,
				6A5D9A3115E015A1001FAD14 /* OpenGLES.framework */,
				6A5D9A2F15E01598001FAD14 /* QuartzCore.framework */,
				6A5D9A2D15E01590001FAD14 /* CoreVideo.framework */,
				6A5D9A2B15E01587001FAD14 /* CoreMedia.framework */,
				6A5D9A1415E0152D001FAD14 /* UIKit.framework */,
				6A5D9A1615E0152D001FAD14 /* Foundation.framework */,
				6A5D9A1815E0152D001FAD14 /* CoreGraphics.framework */,
			);
			name = Frameworks;
			sourceTree = "<group>";
		};
		6A5D9A1A15E0152D001FAD14 /* DLCImagePickerController */ = {
			isa = PBXGroup;
			children = (
				6A5D9A2315E0152D001FAD14 /* AppDelegate.h */,
				6A5D9A2415E0152D001FAD14 /* AppDelegate.m */,
				6A5D9A1B15E0152D001FAD14 /* Supporting Files */,
			);
			path = DLCImagePickerController;
			sourceTree = "<group>";
		};
		6A5D9A1B15E0152D001FAD14 /* Supporting Files */ = {
			isa = PBXGroup;
			children = (
				6A5D9A1C15E0152D001FAD14 /* DLCImagePickerController-Info.plist */,
				6A5D9A1D15E0152D001FAD14 /* InfoPlist.strings */,
				6A5D9A2015E0152D001FAD14 /* main.m */,
				6A5D9A2215E0152D001FAD14 /* DLCImagePickerController-Prefix.pch */,
			);
			name = "Supporting Files";
			sourceTree = "<group>";
		};
		6A5D9A4915E01B72001FAD14 /* Products */ = {
			isa = PBXGroup;
			children = (
				6A5D9A5215E01B72001FAD14 /* libGPUImage.a */,
				6A5D9A5415E01B72001FAD14 /* GPUImageTests.octest */,
			);
			name = Products;
			sourceTree = "<group>";
		};
		6A5D9A8515E02429001FAD14 /* Classes */ = {
			isa = PBXGroup;
			children = (
				7D0E5AB515E20987009D19C9 /* Filters */,
				6A5D9A8915E02504001FAD14 /* PhotoViewController.h */,
				6A5D9A8A15E02504001FAD14 /* PhotoViewController.m */,
				6A5D9A8615E02429001FAD14 /* DLCImagePickerController.h */,
				6A5D9A8715E02429001FAD14 /* DLCImagePickerController.m */,
			);
			path = Classes;
			sourceTree = "<group>";
		};
		6A5D9A8C15E02527001FAD14 /* Images */ = {
			isa = PBXGroup;
			children = (
				7D643C2E15E05FBF0035A22D /* Samples */,
				6A5D9A8D15E02527001FAD14 /* Filters */,
				6A5D9A9215E02527001FAD14 /* Overlays */,
				6A5D9A9515E02527001FAD14 /* UI */,
			);
			path = Images;
			sourceTree = "<group>";
		};
		6A5D9A8D15E02527001FAD14 /* Filters */ = {
			isa = PBXGroup;
			children = (
				6A5D9A8E15E02527001FAD14 /* lookup_amatorka.png */,
				6A5D9A8F15E02527001FAD14 /* lookup_miss_etikate.png */,
				6A5D9A9015E02527001FAD14 /* lookup_soft_elegance_1.png */,
				6A5D9A9115E02527001FAD14 /* lookup_soft_elegance_2.png */,
			);
			path = Filters;
			sourceTree = "<group>";
		};
		6A5D9A9215E02527001FAD14 /* Overlays */ = {
			isa = PBXGroup;
			children = (
				6A5D9A9315E02527001FAD14 /* blackframe.png */,
				6A5D9A9415E02527001FAD14 /* mask.png */,
			);
			path = Overlays;
			sourceTree = "<group>";
		};
		6A5D9A9515E02527001FAD14 /* UI */ = {
			isa = PBXGroup;
			children = (
				6A5D9A9615E02527001FAD14 /* dock_bg.png */,
				6A5D9A9715E02527001FAD14 /* dock_bg@2x.png */,
				6A5D9A9815E02527001FAD14 /* micro_carbon.png */,
				6A5D9A9915E02527001FAD14 /* micro_carbon@2x.png */,
				6A5D9A9A15E02527001FAD14 /* photo_bar.png */,
				6A5D9A9B15E02527001FAD14 /* photo_bar@2x.png */,
			);
			path = UI;
			sourceTree = "<group>";
		};
		6A5D9AA815E0259A001FAD14 /* Resources */ = {
			isa = PBXGroup;
			children = (
				7D1E64B615E1F8D9005A9E09 /* Curves */,
				6A5D9AA915E0259A001FAD14 /* DLCImagePicker.xib */,
			);
			path = Resources;
			sourceTree = "<group>";
		};
		7D0E5AB515E20987009D19C9 /* Filters */ = {
			isa = PBXGroup;
			children = (
				7D0E5AB615E2099C009D19C9 /* GrayscaleContrastFilter.h */,
				7D0E5AB715E209AD009D19C9 /* GrayscaleContrastFilter.m */,
			);
			name = Filters;
			sourceTree = "<group>";
		};
		7D1E64B615E1F8D9005A9E09 /* Curves */ = {
			isa = PBXGroup;
			children = (
				6A8AB4CE15E213C5006D11D3 /* 17.acv */,
				6A8AB4CC15E213A6006D11D3 /* 06.acv */,
				6A8AB4CA15E2133D006D11D3 /* 02.acv */,
				7D0E5AB115E203FA009D19C9 /* purple-green.acv */,
				7D0E5AB215E203FA009D19C9 /* yellow-red.acv */,
				7D1E64B715E1FA2F005A9E09 /* crossprocess.acv */,
			);
			name = Curves;
			sourceTree = "<group>";
		};
		7D643C2E15E05FBF0035A22D /* Samples */ = {
			isa = PBXGroup;
			children = (
				7DEB4DC515E063420078BFAD /* sample1.jpg */,
			);
			name = Samples;
			sourceTree = "<group>";
		};
/* End PBXGroup section */

/* Begin PBXNativeTarget section */
		6A5D9A0F15E0152D001FAD14 /* DLCImagePickerController */ = {
			isa = PBXNativeTarget;
			buildConfigurationList = 6A5D9A2815E0152E001FAD14 /* Build configuration list for PBXNativeTarget "DLCImagePickerController" */;
			buildPhases = (
				6A5D9A0C15E0152D001FAD14 /* Sources */,
				6A5D9A0D15E0152D001FAD14 /* Frameworks */,
				6A5D9A0E15E0152D001FAD14 /* Resources */,
			);
			buildRules = (
			);
			dependencies = (
				6A5D9A5615E01BC2001FAD14 /* PBXTargetDependency */,
			);
			name = DLCImagePickerController;
			productName = DLCImagePickerController;
			productReference = 6A5D9A1015E0152D001FAD14 /* DLCImagePickerController.app */;
			productType = "com.apple.product-type.application";
		};
/* End PBXNativeTarget section */

/* Begin PBXProject section */
		6A5D9A0715E0152D001FAD14 /* Project object */ = {
			isa = PBXProject;
			attributes = {
				LastUpgradeCheck = 0430;
				ORGANIZATIONNAME = "Backspaces Inc";
			};
			buildConfigurationList = 6A5D9A0A15E0152D001FAD14 /* Build configuration list for PBXProject "DLCImagePickerController" */;
			compatibilityVersion = "Xcode 3.2";
			developmentRegion = English;
			hasScannedForEncodings = 0;
			knownRegions = (
				en,
			);
			mainGroup = 6A5D9A0515E0152D001FAD14;
			productRefGroup = 6A5D9A1115E0152D001FAD14 /* Products */;
			projectDirPath = "";
			projectReferences = (
				{
					ProductGroup = 6A5D9A4915E01B72001FAD14 /* Products */;
					ProjectRef = 6A5D9A4815E01B72001FAD14 /* GPUImage.xcodeproj */;
				},
			);
			projectRoot = "";
			targets = (
				6A5D9A0F15E0152D001FAD14 /* DLCImagePickerController */,
			);
		};
/* End PBXProject section */

/* Begin PBXReferenceProxy section */
		6A5D9A5215E01B72001FAD14 /* libGPUImage.a */ = {
			isa = PBXReferenceProxy;
			fileType = archive.ar;
			path = libGPUImage.a;
			remoteRef = 6A5D9A5115E01B72001FAD14 /* PBXContainerItemProxy */;
			sourceTree = BUILT_PRODUCTS_DIR;
		};
		6A5D9A5415E01B72001FAD14 /* GPUImageTests.octest */ = {
			isa = PBXReferenceProxy;
			fileType = wrapper.cfbundle;
			path = GPUImageTests.octest;
			remoteRef = 6A5D9A5315E01B72001FAD14 /* PBXContainerItemProxy */;
			sourceTree = BUILT_PRODUCTS_DIR;
		};
/* End PBXReferenceProxy section */

/* Begin PBXResourcesBuildPhase section */
		6A5D9A0E15E0152D001FAD14 /* Resources */ = {
			isa = PBXResourcesBuildPhase;
			buildActionMask = 2147483647;
			files = (
				6A5D9A1F15E0152D001FAD14 /* InfoPlist.strings in Resources */,
				6A5D9A9C15E02527001FAD14 /* lookup_amatorka.png in Resources */,
				6A5D9A9D15E02527001FAD14 /* lookup_miss_etikate.png in Resources */,
				6A5D9A9E15E02527001FAD14 /* lookup_soft_elegance_1.png in Resources */,
				6A5D9A9F15E02527001FAD14 /* lookup_soft_elegance_2.png in Resources */,
				6A5D9AA015E02527001FAD14 /* blackframe.png in Resources */,
				6A5D9AA115E02527001FAD14 /* mask.png in Resources */,
				6A5D9AA215E02527001FAD14 /* dock_bg.png in Resources */,
				6A5D9AA315E02527001FAD14 /* dock_bg@2x.png in Resources */,
				6A5D9AA415E02527001FAD14 /* micro_carbon.png in Resources */,
				6A5D9AA515E02527001FAD14 /* micro_carbon@2x.png in Resources */,
				6A5D9AA615E02527001FAD14 /* photo_bar.png in Resources */,
				6A5D9AA715E02527001FAD14 /* photo_bar@2x.png in Resources */,
				6A5D9AAA15E0259A001FAD14 /* DLCImagePicker.xib in Resources */,
				7DEB4DC615E063420078BFAD /* sample1.jpg in Resources */,
				7D1E64B915E1FA2F005A9E09 /* crossprocess.acv in Resources */,
				7D0E5AB315E203FA009D19C9 /* purple-green.acv in Resources */,
				7D0E5AB415E203FA009D19C9 /* yellow-red.acv in Resources */,
				6A8AB4CB15E2133D006D11D3 /* 02.acv in Resources */,
				6A8AB4CD15E213A6006D11D3 /* 06.acv in Resources */,
				6A8AB4CF15E213C5006D11D3 /* 17.acv in Resources */,
			);
			runOnlyForDeploymentPostprocessing = 0;
		};
/* End PBXResourcesBuildPhase section */

/* Begin PBXSourcesBuildPhase section */
		6A5D9A0C15E0152D001FAD14 /* Sources */ = {
			isa = PBXSourcesBuildPhase;
			buildActionMask = 2147483647;
			files = (
				6A5D9A2115E0152D001FAD14 /* main.m in Sources */,
				6A5D9A2515E0152E001FAD14 /* AppDelegate.m in Sources */,
				6A5D9A8815E02429001FAD14 /* DLCImagePickerController.m in Sources */,
				6A5D9A8B15E02504001FAD14 /* PhotoViewController.m in Sources */,
				7D0E5AB815E209AD009D19C9 /* GrayscaleContrastFilter.m in Sources */,
			);
			runOnlyForDeploymentPostprocessing = 0;
		};
/* End PBXSourcesBuildPhase section */

/* Begin PBXTargetDependency section */
		6A5D9A5615E01BC2001FAD14 /* PBXTargetDependency */ = {
			isa = PBXTargetDependency;
			name = GPUImage;
			targetProxy = 6A5D9A5515E01BC2001FAD14 /* PBXContainerItemProxy */;
		};
/* End PBXTargetDependency section */

/* Begin PBXVariantGroup section */
		6A5D9A1D15E0152D001FAD14 /* InfoPlist.strings */ = {
			isa = PBXVariantGroup;
			children = (
				6A5D9A1E15E0152D001FAD14 /* en */,
			);
			name = InfoPlist.strings;
			sourceTree = "<group>";
		};
/* End PBXVariantGroup section */

/* Begin XCBuildConfiguration section */
		6A5D9A2615E0152E001FAD14 /* Debug */ = {
			isa = XCBuildConfiguration;
			buildSettings = {
				ALWAYS_SEARCH_USER_PATHS = NO;
				ARCHS = "$(ARCHS_STANDARD_32_BIT)";
				CLANG_ENABLE_OBJC_ARC = YES;
				"CODE_SIGN_IDENTITY[sdk=iphoneos*]" = "iPhone Developer";
				COPY_PHASE_STRIP = NO;
				GCC_C_LANGUAGE_STANDARD = gnu99;
				GCC_DYNAMIC_NO_PIC = NO;
				GCC_OPTIMIZATION_LEVEL = 0;
				GCC_PREPROCESSOR_DEFINITIONS = (
					"DEBUG=1",
					"$(inherited)",
				);
				GCC_SYMBOLS_PRIVATE_EXTERN = NO;
				GCC_VERSION = com.apple.compilers.llvm.clang.1_0;
				GCC_WARN_ABOUT_RETURN_TYPE = YES;
				GCC_WARN_UNINITIALIZED_AUTOS = YES;
				GCC_WARN_UNUSED_VARIABLE = YES;
				HEADER_SEARCH_PATHS = "GPUImage/framework/**";
				IPHONEOS_DEPLOYMENT_TARGET = 4.3;
				SDKROOT = iphoneos;
			};
			name = Debug;
		};
		6A5D9A2715E0152E001FAD14 /* Release */ = {
			isa = XCBuildConfiguration;
			buildSettings = {
				ALWAYS_SEARCH_USER_PATHS = NO;
				ARCHS = "$(ARCHS_STANDARD_32_BIT)";
				CLANG_ENABLE_OBJC_ARC = YES;
				"CODE_SIGN_IDENTITY[sdk=iphoneos*]" = "iPhone Developer";
				COPY_PHASE_STRIP = YES;
				GCC_C_LANGUAGE_STANDARD = gnu99;
				GCC_VERSION = com.apple.compilers.llvm.clang.1_0;
				GCC_WARN_ABOUT_RETURN_TYPE = YES;
				GCC_WARN_UNINITIALIZED_AUTOS = YES;
				GCC_WARN_UNUSED_VARIABLE = YES;
				HEADER_SEARCH_PATHS = "GPUImage/framework/**";
				IPHONEOS_DEPLOYMENT_TARGET = 4.3;
				OTHER_CFLAGS = "-DNS_BLOCK_ASSERTIONS=1";
				SDKROOT = iphoneos;
				VALIDATE_PRODUCT = YES;
			};
			name = Release;
		};
		6A5D9A2915E0152E001FAD14 /* Debug */ = {
			isa = XCBuildConfiguration;
			buildSettings = {
				GCC_PRECOMPILE_PREFIX_HEADER = YES;
				GCC_PREFIX_HEADER = "DLCImagePickerController/DLCImagePickerController-Prefix.pch";
				INFOPLIST_FILE = "DLCImagePickerController/DLCImagePickerController-Info.plist";
				IPHONEOS_DEPLOYMENT_TARGET = 5.0;
				PRODUCT_NAME = "$(TARGET_NAME)";
				WRAPPER_EXTENSION = app;
			};
			name = Debug;
		};
		6A5D9A2A15E0152E001FAD14 /* Release */ = {
			isa = XCBuildConfiguration;
			buildSettings = {
				GCC_PRECOMPILE_PREFIX_HEADER = YES;
				GCC_PREFIX_HEADER = "DLCImagePickerController/DLCImagePickerController-Prefix.pch";
				INFOPLIST_FILE = "DLCImagePickerController/DLCImagePickerController-Info.plist";
				IPHONEOS_DEPLOYMENT_TARGET = 5.0;
				PRODUCT_NAME = "$(TARGET_NAME)";
				WRAPPER_EXTENSION = app;
			};
			name = Release;
		};
/* End XCBuildConfiguration section */

/* Begin XCConfigurationList section */
		6A5D9A0A15E0152D001FAD14 /* Build configuration list for PBXProject "DLCImagePickerController" */ = {
			isa = XCConfigurationList;
			buildConfigurations = (
				6A5D9A2615E0152E001FAD14 /* Debug */,
				6A5D9A2715E0152E001FAD14 /* Release */,
			);
			defaultConfigurationIsVisible = 0;
			defaultConfigurationName = Release;
		};
		6A5D9A2815E0152E001FAD14 /* Build configuration list for PBXNativeTarget "DLCImagePickerController" */ = {
			isa = XCConfigurationList;
			buildConfigurations = (
				6A5D9A2915E0152E001FAD14 /* Debug */,
				6A5D9A2A15E0152E001FAD14 /* Release */,
			);
			defaultConfigurationIsVisible = 0;
			defaultConfigurationName = Release;
		};
/* End XCConfigurationList section */
	};
	rootObject = 6A5D9A0715E0152D001FAD14 /* Project object */;
}
